// !$*UTF8*$!
{
	archiveVersion = 1;
	classes = {
	};
	objectVersion = 45;
	objects = {

/* Begin PBXBuildFile section */
		54D0AD960A5E329B006380BD /* SoundflowerDevice.h in Headers */ = {isa = PBXBuildFile; fileRef = C93407620601317E002E6A19 /* SoundflowerDevice.h */; };
		54D0AD970A5E329B006380BD /* SoundflowerEngine.h in Headers */ = {isa = PBXBuildFile; fileRef = C93407630601317E002E6A19 /* SoundflowerEngine.h */; };
		54D0AD9B0A5E329B006380BD /* SoundflowerEngine.cpp in Sources */ = {isa = PBXBuildFile; fileRef = C93407640601317E002E6A19 /* SoundflowerEngine.cpp */; };
		54D0AD9D0A5E329B006380BD /* SoundflowerDevice.cpp in Sources */ = {isa = PBXBuildFile; fileRef = C93407660601317E002E6A19 /* SoundflowerDevice.cpp */; };
/* End PBXBuildFile section */

/* Begin PBXFileReference section */
		00F55081007288EA11FF4F98 /* Kernel.framework */ = {isa = PBXFileReference; lastKnownFileType = wrapper.framework; name = Kernel.framework; path = System/Library/Frameworks/Kernel.framework; sourceTree = SDKROOT; };
		2249EC7E0ED70C7E003C8357 /* Soundflower.xcconfig */ = {isa = PBXFileReference; fileEncoding = 4; lastKnownFileType = text.xcconfig; path = Soundflower.xcconfig; sourceTree = "<group>"; };
		54D0ADA60A5E329B006380BD /* Soundflower.kext */ = {isa = PBXFileReference; explicitFileType = wrapper.cfbundle; includeInIndex = 0; path = Soundflower.kext; sourceTree = BUILT_PRODUCTS_DIR; };
		789FB3540D62DE4E00C0F5C7 /* Info.plist */ = {isa = PBXFileReference; lastKnownFileType = text.plist.xml; path = Info.plist; sourceTree = "<group>"; };
		C93407620601317E002E6A19 /* SoundflowerDevice.h */ = {isa = PBXFileReference; fileEncoding = 30; lastKnownFileType = sourcecode.c.h; path = SoundflowerDevice.h; sourceTree = "<group>"; };
		C93407630601317E002E6A19 /* SoundflowerEngine.h */ = {isa = PBXFileReference; fileEncoding = 30; lastKnownFileType = sourcecode.c.h; path = SoundflowerEngine.h; sourceTree = "<group>"; };
		C93407640601317E002E6A19 /* SoundflowerEngine.cpp */ = {isa = PBXFileReference; fileEncoding = 30; lastKnownFileType = sourcecode.cpp.cpp; path = SoundflowerEngine.cpp; sourceTree = "<group>"; };
		C93407660601317E002E6A19 /* SoundflowerDevice.cpp */ = {isa = PBXFileReference; fileEncoding = 30; lastKnownFileType = sourcecode.cpp.cpp; path = SoundflowerDevice.cpp; sourceTree = "<group>"; };
/* End PBXFileReference section */

/* Begin PBXFrameworksBuildPhase section */
		54D0AD9E0A5E329B006380BD /* Frameworks */ = {
			isa = PBXFrameworksBuildPhase;
			buildActionMask = 2147483647;
			files = (
			);
			runOnlyForDeploymentPostprocessing = 0;
		};
/* End PBXFrameworksBuildPhase section */

/* Begin PBXGroup section */
		089C166AFE841209C02AAC07 /* SampleAudioDriver */ = {
			isa = PBXGroup;
			children = (
				2249EC7E0ED70C7E003C8357 /* Soundflower.xcconfig */,
				247142CAFF3F8F9811CA285C /* Source */,
				089C167CFE841241C02AAC07 /* Resources */,
				19C28FB6FE9D52B211CA2CBB /* Products */,
				00F55081007288EA11FF4F98 /* Kernel.framework */,
			);
			name = SampleAudioDriver;
			sourceTree = "<group>";
		};
		089C167CFE841241C02AAC07 /* Resources */ = {
			isa = PBXGroup;
			children = (
				789FB3540D62DE4E00C0F5C7 /* Info.plist */,
			);
			name = Resources;
			sourceTree = "<group>";
		};
		19C28FB6FE9D52B211CA2CBB /* Products */ = {
			isa = PBXGroup;
			children = (
				54D0ADA60A5E329B006380BD /* Soundflower.kext */,
			);
			name = Products;
			sourceTree = "<group>";
		};
		247142CAFF3F8F9811CA285C /* Source */ = {
			isa = PBXGroup;
			children = (
				C93407620601317E002E6A19 /* SoundflowerDevice.h */,
				C93407660601317E002E6A19 /* SoundflowerDevice.cpp */,
				C93407630601317E002E6A19 /* SoundflowerEngine.h */,
				C93407640601317E002E6A19 /* SoundflowerEngine.cpp */,
			);
			name = Source;
			sourceTree = "<group>";
		};
/* End PBXGroup section */

/* Begin PBXHeadersBuildPhase section */
		54D0AD950A5E329B006380BD /* Headers */ = {
			isa = PBXHeadersBuildPhase;
			buildActionMask = 2147483647;
			files = (
				54D0AD960A5E329B006380BD /* SoundflowerDevice.h in Headers */,
				54D0AD970A5E329B006380BD /* SoundflowerEngine.h in Headers */,
			);
			runOnlyForDeploymentPostprocessing = 0;
		};
/* End PBXHeadersBuildPhase section */

/* Begin PBXNativeTarget section */
		54D0AD930A5E329B006380BD /* SoundflowerDriver */ = {
			isa = PBXNativeTarget;
			buildConfigurationList = 54D0ADA10A5E329B006380BD /* Build configuration list for PBXNativeTarget "SoundflowerDriver" */;
			buildPhases = (
				54D0AD950A5E329B006380BD /* Headers */,
				54D0AD980A5E329B006380BD /* Resources */,
				54D0AD9A0A5E329B006380BD /* Sources */,
				54D0AD9E0A5E329B006380BD /* Frameworks */,
				54D0AD9F0A5E329B006380BD /* Rez */,
			);
			buildRules = (
			);
			dependencies = (
			);
			name = SoundflowerDriver;
			productInstallPath = "$(SYSTEM_LIBRARY_DIR)/Extensions";
			productName = SampleAudioDriver;
			productReference = 54D0ADA60A5E329B006380BD /* Soundflower.kext */;
			productType = "com.apple.product-type.kernel-extension.iokit";
		};
/* End PBXNativeTarget section */

/* Begin PBXProject section */
		089C1669FE841209C02AAC07 /* Project object */ = {
			isa = PBXProject;
			buildConfigurationList = 548AD6D309CE873500241D17 /* Build configuration list for PBXProject "Soundflower" */;
			compatibilityVersion = "Xcode 3.1";
			hasScannedForEncodings = 1;
			mainGroup = 089C166AFE841209C02AAC07 /* SampleAudioDriver */;
			projectDirPath = "";
			projectRoot = "";
			targets = (
				54D0AD930A5E329B006380BD /* SoundflowerDriver */,
			);
		};
/* End PBXProject section */

/* Begin PBXResourcesBuildPhase section */
		54D0AD980A5E329B006380BD /* Resources */ = {
			isa = PBXResourcesBuildPhase;
			buildActionMask = 2147483647;
			files = (
			);
			runOnlyForDeploymentPostprocessing = 0;
		};
/* End PBXResourcesBuildPhase section */

/* Begin PBXRezBuildPhase section */
		54D0AD9F0A5E329B006380BD /* Rez */ = {
			isa = PBXRezBuildPhase;
			buildActionMask = 2147483647;
			files = (
			);
			runOnlyForDeploymentPostprocessing = 0;
		};
/* End PBXRezBuildPhase section */

/* Begin PBXSourcesBuildPhase section */
		54D0AD9A0A5E329B006380BD /* Sources */ = {
			isa = PBXSourcesBuildPhase;
			buildActionMask = 2147483647;
			files = (
				54D0AD9B0A5E329B006380BD /* SoundflowerEngine.cpp in Sources */,
				54D0AD9D0A5E329B006380BD /* SoundflowerDevice.cpp in Sources */,
			);
			runOnlyForDeploymentPostprocessing = 0;
		};
/* End PBXSourcesBuildPhase section */

/* Begin XCBuildConfiguration section */
		548AD6D409CE873500241D17 /* Development */ = {
			isa = XCBuildConfiguration;
			buildSettings = {
			};
			name = Development;
		};
		548AD6D509CE873500241D17 /* Deployment */ = {
			isa = XCBuildConfiguration;
			buildSettings = {
				ARCHS = (
					i386,
					ppc,
				);
				INFOPLIST_FILE = "Info-SoundflowerDriver.plist";
			};
			name = Deployment;
		};
		54D0ADA20A5E329B006380BD /* Development */ = {
			isa = XCBuildConfiguration;
			baseConfigurationReference = 2249EC7E0ED70C7E003C8357 /* Soundflower.xcconfig */;
			buildSettings = {
				COPY_PHASE_STRIP = NO;
				DEPLOYMENT_LOCATION = YES;
				DSTROOT = "$(PROJECT_DIR)";
				GCC_ENABLE_FIX_AND_CONTINUE = YES;
				GCC_OPTIMIZATION_LEVEL = 0;
				GCC_PREPROCESSOR_DEFINITIONS = DEBUG;
				INFOPLIST_FILE = Info.plist;
				INSTALL_GROUP = "$(GROUP)";
				INSTALL_OWNER = "$(USER)";
				INSTALL_PATH = /../Build;
				MODULE_NAME = com.Cycling74.driver.Soundflower;
				PRODUCT_NAME = Soundflower;
				WARNING_CFLAGS = (
					"-Wmost",
					"-Wno-four-char-constants",
					"-Wno-unknown-pragmas",
				);
				WRAPPER_EXTENSION = kext;
			};
			name = Development;
		};
		54D0ADA30A5E329B006380BD /* Deployment */ = {
			isa = XCBuildConfiguration;
			baseConfigurationReference = 2249EC7E0ED70C7E003C8357 /* Soundflower.xcconfig */;
			buildSettings = {
				ARCHS = (
					x86_64,
					i386,
					ppc,
				);
				COPY_PHASE_STRIP = NO;
				DEPLOYMENT_LOCATION = YES;
				DSTROOT = "$(PROJECT_DIR)";
				GCC_ENABLE_FIX_AND_CONTINUE = NO;
				GCC_OPTIMIZATION_LEVEL = 3;
				INFOPLIST_FILE = Info.plist;
				INSTALL_GROUP = "$(GROUP)";
				INSTALL_OWNER = "$(USER)";
				INSTALL_PATH = /../Build;
				MODULE_NAME = com.Cycling74.driver.Soundflower;
				PRODUCT_NAME = Soundflower;
				WARNING_CFLAGS = (
					"-Wmost",
					"-Wno-four-char-constants",
					"-Wno-unknown-pragmas",
				);
				WRAPPER_EXTENSION = kext;
			};
			name = Deployment;
		};
/* End XCBuildConfiguration section */

/* Begin XCConfigurationList section */
		548AD6D309CE873500241D17 /* Build configuration list for PBXProject "Soundflower" */ = {
			isa = XCConfigurationList;
			buildConfigurations = (
				548AD6D409CE873500241D17 /* Development */,
				548AD6D509CE873500241D17 /* Deployment */,
			);
			defaultConfigurationIsVisible = 0;
			defaultConfigurationName = Development;
		};
		54D0ADA10A5E329B006380BD /* Build configuration list for PBXNativeTarget "SoundflowerDriver" */ = {
			isa = XCConfigurationList;
			buildConfigurations = (
				54D0ADA20A5E329B006380BD /* Development */,
				54D0ADA30A5E329B006380BD /* Deployment */,
			);
			defaultConfigurationIsVisible = 0;
			defaultConfigurationName = Development;
		};
/* End XCConfigurationList section */
	};
	rootObject = 089C1669FE841209C02AAC07 /* Project object */;
}
