// !$*UTF8*$!
{
	archiveVersion = 1;
	classes = {
	};
	objectVersion = 46;
	objects = {

/* Begin PBXBuildFile section */
		3EA7CAEC165F609A00BD5263 /* WavTapDevice.hpp in Headers */ = {isa = PBXBuildFile; fileRef = 3EA7CAEA165F609A00BD5263 /* WavTapDevice.hpp */; };
		3EA7CAED165F609A00BD5263 /* WavTapEngine.hpp in Headers */ = {isa = PBXBuildFile; fileRef = 3EA7CAEB165F609A00BD5263 /* WavTapEngine.hpp */; };
		54D0AD9B0A5E329B006380BD /* WavTapEngine.cpp in Sources */ = {isa = PBXBuildFile; fileRef = C93407640601317E002E6A19 /* WavTapEngine.cpp */; };
		54D0AD9D0A5E329B006380BD /* WavTapDevice.cpp in Sources */ = {isa = PBXBuildFile; fileRef = C93407660601317E002E6A19 /* WavTapDevice.cpp */; };
/* End PBXBuildFile section */

/* Begin PBXFileReference section */
		00F55081007288EA11FF4F98 /* Kernel.framework */ = {isa = PBXFileReference; lastKnownFileType = wrapper.framework; name = Kernel.framework; path = System/Library/Frameworks/Kernel.framework; sourceTree = SDKROOT; };
		2249EC7E0ED70C7E003C8357 /* WavTap.xcconfig */ = {isa = PBXFileReference; fileEncoding = 4; lastKnownFileType = text.xcconfig; path = WavTap.xcconfig; sourceTree = "<group>"; };
		3EA7CAEA165F609A00BD5263 /* WavTapDevice.hpp */ = {isa = PBXFileReference; fileEncoding = 4; lastKnownFileType = sourcecode.cpp.h; path = WavTapDevice.hpp; sourceTree = "<group>"; };
		3EA7CAEB165F609A00BD5263 /* WavTapEngine.hpp */ = {isa = PBXFileReference; fileEncoding = 4; lastKnownFileType = sourcecode.cpp.h; path = WavTapEngine.hpp; sourceTree = "<group>"; };
		54D0ADA60A5E329B006380BD /* WavTap.kext */ = {isa = PBXFileReference; explicitFileType = wrapper.cfbundle; includeInIndex = 0; path = WavTap.kext; sourceTree = BUILT_PRODUCTS_DIR; };
		789FB3540D62DE4E00C0F5C7 /* Info.plist */ = {isa = PBXFileReference; lastKnownFileType = text.plist.xml; path = Info.plist; sourceTree = "<group>"; };
		C93407640601317E002E6A19 /* WavTapEngine.cpp */ = {isa = PBXFileReference; fileEncoding = 30; lastKnownFileType = sourcecode.cpp.cpp; path = WavTapEngine.cpp; sourceTree = "<group>"; };
		C93407660601317E002E6A19 /* WavTapDevice.cpp */ = {isa = PBXFileReference; fileEncoding = 30; lastKnownFileType = sourcecode.cpp.cpp; path = WavTapDevice.cpp; sourceTree = "<group>"; };
/* End PBXFileReference section */

/* Begin PBXFrameworksBuildPhase section */
		54D0AD9E0A5E329B006380BD /* Frameworks */ = {
			isa = PBXFrameworksBuildPhase;
			buildActionMask = 2147483647;
			files = (
			);
			runOnlyForDeploymentPostprocessing = 0;
		};
/* End PBXFrameworksBuildPhase section */

/* Begin PBXGroup section */
		089C166AFE841209C02AAC07 /* SampleAudioDriver */ = {
			isa = PBXGroup;
			children = (
				2249EC7E0ED70C7E003C8357 /* WavTap.xcconfig */,
				247142CAFF3F8F9811CA285C /* Source */,
				089C167CFE841241C02AAC07 /* Resources */,
				19C28FB6FE9D52B211CA2CBB /* Products */,
				00F55081007288EA11FF4F98 /* Kernel.framework */,
			);
			name = SampleAudioDriver;
			sourceTree = "<group>";
		};
		089C167CFE841241C02AAC07 /* Resources */ = {
			isa = PBXGroup;
			children = (
				789FB3540D62DE4E00C0F5C7 /* Info.plist */,
			);
			name = Resources;
			sourceTree = "<group>";
		};
		19C28FB6FE9D52B211CA2CBB /* Products */ = {
			isa = PBXGroup;
			children = (
				54D0ADA60A5E329B006380BD /* WavTap.kext */,
			);
			name = Products;
			sourceTree = "<group>";
		};
		247142CAFF3F8F9811CA285C /* Source */ = {
			isa = PBXGroup;
			children = (
				3EA7CAEB165F609A00BD5263 /* WavTapEngine.hpp */,
				3EA7CAEA165F609A00BD5263 /* WavTapDevice.hpp */,
				C93407660601317E002E6A19 /* WavTapDevice.cpp */,
				C93407640601317E002E6A19 /* WavTapEngine.cpp */,
			);
			name = Source;
			sourceTree = "<group>";
		};
/* End PBXGroup section */

/* Begin PBXHeadersBuildPhase section */
		54D0AD950A5E329B006380BD /* Headers */ = {
			isa = PBXHeadersBuildPhase;
			buildActionMask = 2147483647;
			files = (
				3EA7CAEC165F609A00BD5263 /* WavTapDevice.hpp in Headers */,
				3EA7CAED165F609A00BD5263 /* WavTapEngine.hpp in Headers */,
			);
			runOnlyForDeploymentPostprocessing = 0;
		};
/* End PBXHeadersBuildPhase section */

/* Begin PBXNativeTarget section */
		54D0AD930A5E329B006380BD /* WavTapDriver */ = {
			isa = PBXNativeTarget;
			buildConfigurationList = 54D0ADA10A5E329B006380BD /* Build configuration list for PBXNativeTarget "WavTapDriver" */;
			buildPhases = (
				54D0AD950A5E329B006380BD /* Headers */,
				54D0AD980A5E329B006380BD /* Resources */,
				54D0AD9A0A5E329B006380BD /* Sources */,
				54D0AD9E0A5E329B006380BD /* Frameworks */,
				54D0AD9F0A5E329B006380BD /* Rez */,
			);
			buildRules = (
			);
			dependencies = (
			);
			name = WavTapDriver;
			productInstallPath = "$(SYSTEM_LIBRARY_DIR)/Extensions";
			productName = SampleAudioDriver;
			productReference = 54D0ADA60A5E329B006380BD /* WavTap.kext */;
			productType = "com.apple.product-type.kernel-extension.iokit";
		};
/* End PBXNativeTarget section */

/* Begin PBXProject section */
		089C1669FE841209C02AAC07 /* Project object */ = {
			isa = PBXProject;
			attributes = {
				LastUpgradeCheck = 0500;
			};
			buildConfigurationList = 548AD6D309CE873500241D17 /* Build configuration list for PBXProject "WavTap" */;
			compatibilityVersion = "Xcode 3.2";
			developmentRegion = English;
			hasScannedForEncodings = 1;
			knownRegions = (
				English,
				Japanese,
				French,
				German,
			);
			mainGroup = 089C166AFE841209C02AAC07 /* SampleAudioDriver */;
			projectDirPath = "";
			projectRoot = "";
			targets = (
				54D0AD930A5E329B006380BD /* WavTapDriver */,
			);
		};
/* End PBXProject section */

/* Begin PBXResourcesBuildPhase section */
		54D0AD980A5E329B006380BD /* Resources */ = {
			isa = PBXResourcesBuildPhase;
			buildActionMask = 2147483647;
			files = (
			);
			runOnlyForDeploymentPostprocessing = 0;
		};
/* End PBXResourcesBuildPhase section */

/* Begin PBXRezBuildPhase section */
		54D0AD9F0A5E329B006380BD /* Rez */ = {
			isa = PBXRezBuildPhase;
			buildActionMask = 2147483647;
			files = (
			);
			runOnlyForDeploymentPostprocessing = 0;
		};
/* End PBXRezBuildPhase section */

/* Begin PBXSourcesBuildPhase section */
		54D0AD9A0A5E329B006380BD /* Sources */ = {
			isa = PBXSourcesBuildPhase;
			buildActionMask = 2147483647;
			files = (
				54D0AD9B0A5E329B006380BD /* WavTapEngine.cpp in Sources */,
				54D0AD9D0A5E329B006380BD /* WavTapDevice.cpp in Sources */,
			);
			runOnlyForDeploymentPostprocessing = 0;
		};
/* End PBXSourcesBuildPhase section */

/* Begin XCBuildConfiguration section */
		548AD6D409CE873500241D17 /* Development */ = {
			isa = XCBuildConfiguration;
			buildSettings = {
				SYMROOT = "";
			};
			name = Development;
		};
		548AD6D509CE873500241D17 /* Deployment */ = {
			isa = XCBuildConfiguration;
			buildSettings = {
				INFOPLIST_FILE = Info.plist;
				SYMROOT = "";
			};
			name = Deployment;
		};
		54D0ADA20A5E329B006380BD /* Development */ = {
			isa = XCBuildConfiguration;
			baseConfigurationReference = 2249EC7E0ED70C7E003C8357 /* WavTap.xcconfig */;
			buildSettings = {
				COMBINE_HIDPI_IMAGES = YES;
				CONFIGURATION_BUILD_DIR = "$(PROJECT_DIR)/Build";
				CONFIGURATION_TEMP_DIR = "$(PROJECT_DIR)/Build";
				COPY_PHASE_STRIP = NO;
				DEPLOYMENT_LOCATION = YES;
				DSTROOT = "";
				GCC_OPTIMIZATION_LEVEL = 0;
				GCC_PREPROCESSOR_DEFINITIONS = (
					"NUM_CHANS=$NUM_CHANS",
					DEBUG,
				);
				GCC_VERSION = com.apple.compilers.llvm.clang.1_0;
				INFOPLIST_FILE = Info.plist;
				INSTALL_GROUP = "$(GROUP)";
				INSTALL_OWNER = "$(USER)";
				INSTALL_PATH = "";
				MODULE_NAME = com.wavtap.driver.WavTap;
				PRODUCT_NAME = WavTap;
				SYMROOT = "$(PROJECT_DIR)/Build";
				WARNING_CFLAGS = (
					"-Wmost",
					"-Wno-four-char-constants",
					"-Wno-unknown-pragmas",
				);
				WRAPPER_EXTENSION = kext;
			};
			name = Development;
		};
		54D0ADA30A5E329B006380BD /* Deployment */ = {
			isa = XCBuildConfiguration;
			baseConfigurationReference = 2249EC7E0ED70C7E003C8357 /* WavTap.xcconfig */;
			buildSettings = {
				COMBINE_HIDPI_IMAGES = YES;
				CONFIGURATION_BUILD_DIR = "$(PROJECT_DIR)/Build";
				CONFIGURATION_TEMP_DIR = "$(PROJECT_DIR)/Build";
				COPY_PHASE_STRIP = NO;
				DEPLOYMENT_LOCATION = YES;
				DSTROOT = "";
				GCC_OPTIMIZATION_LEVEL = 3;
				GCC_PREPROCESSOR_DEFINITIONS = "NUM_CHANS=$NUM_CHANS";
				GCC_VERSION = com.apple.compilers.llvm.clang.1_0;
				INFOPLIST_FILE = Info.plist;
				INSTALL_GROUP = "$(GROUP)";
				INSTALL_OWNER = "$(USER)";
				INSTALL_PATH = "";
				MODULE_NAME = com.wavtap.driver.WavTap;
				PRODUCT_NAME = WavTap;
				SYMROOT = "$(PROJECT_DIR)/Build";
				WARNING_CFLAGS = (
					"-Wmost",
					"-Wno-four-char-constants",
					"-Wno-unknown-pragmas",
				);
				WRAPPER_EXTENSION = kext;
			};
			name = Deployment;
		};
/* End XCBuildConfiguration section */

/* Begin XCConfigurationList section */
		548AD6D309CE873500241D17 /* Build configuration list for PBXProject "WavTap" */ = {
			isa = XCConfigurationList;
			buildConfigurations = (
				548AD6D409CE873500241D17 /* Development */,
				548AD6D509CE873500241D17 /* Deployment */,
			);
			defaultConfigurationIsVisible = 0;
			defaultConfigurationName = Development;
		};
		54D0ADA10A5E329B006380BD /* Build configuration list for PBXNativeTarget "WavTapDriver" */ = {
			isa = XCConfigurationList;
			buildConfigurations = (
				54D0ADA20A5E329B006380BD /* Development */,
				54D0ADA30A5E329B006380BD /* Deployment */,
			);
			defaultConfigurationIsVisible = 0;
			defaultConfigurationName = Development;
		};
/* End XCConfigurationList section */
	};
	rootObject = 089C1669FE841209C02AAC07 /* Project object */;
}
