// !$*UTF8*$!
{
	archiveVersion = 1;
	classes = {
	};
	objectVersion = 39;
	objects = {
		080E96DCFE201CFB7F000001 = {
			fileRef = 29B97318FDCFA39411CA2CEA;
			isa = PBXBuildFile;
			settings = {
			};
		};
		080E96DDFE201D6D7F000001 = {
			children = (
				F591DD850310A6BE01FEEC38,
				F591DD860310A6BE01FEEC38,
				F57307580312E91E01FEEC38,
				F57307570312E91E01FEEC38,
				F591DDAD0310C0D001FEEC38,
				F591DDAE0310C0D001FEEC38,
				F591DDB2031157A901FEEC38,
				F591DDB3031157A901FEEC38,
				F591DDB60311589801FEEC38,
				F591DDB70311589801FEEC38,
				F573070B03117CCD01FEEC38,
				F573070C03117CCD01FEEC38,
			);
			isa = PBXGroup;
			name = Classes;
			refType = 4;
			sourceTree = "<group>";
		};
		089C165CFE840E0CC02AAC07 = {
			children = (
				089C165DFE840E0CC02AAC07,
			);
			isa = PBXVariantGroup;
			name = InfoPlist.strings;
			refType = 4;
			sourceTree = "<group>";
		};
		089C165DFE840E0CC02AAC07 = {
			fileEncoding = 10;
			isa = PBXFileReference;
			lastKnownFileType = text.plist.strings;
			name = English;
			path = English.lproj/InfoPlist.strings;
			refType = 4;
			sourceTree = "<group>";
		};
		089C165EFE840E0CC02AAC07 = {
			fileRef = 089C165CFE840E0CC02AAC07;
			isa = PBXBuildFile;
			settings = {
			};
		};
//080
//081
//082
//083
//084
//100
//101
//102
//103
//104
		1058C7A0FEA54F0111CA2CBB = {
			children = (
				1058C7A1FEA54F0111CA2CBB,
				F591DD8D0310AAC801FEEC38,
			);
			isa = PBXGroup;
			name = "Linked Frameworks";
			refType = 4;
			sourceTree = "<group>";
		};
		1058C7A1FEA54F0111CA2CBB = {
			isa = PBXFileReference;
			lastKnownFileType = wrapper.framework;
			name = Cocoa.framework;
			path = /System/Library/Frameworks/Cocoa.framework;
			refType = 0;
			sourceTree = "<absolute>";
		};
		1058C7A2FEA54F0111CA2CBB = {
			children = (
				C9E9CD2F08E78DA30024DA5B,
				29B97325FDCFA39411CA2CEA,
				29B97324FDCFA39411CA2CEA,
			);
			isa = PBXGroup;
			name = "Other Frameworks";
			refType = 4;
			sourceTree = "<group>";
		};
		1058C7A3FEA54F0111CA2CBB = {
			fileRef = 1058C7A1FEA54F0111CA2CBB;
			isa = PBXBuildFile;
			settings = {
			};
		};
//100
//101
//102
//103
//104
//170
//171
//172
//173
//174
		17587328FF379C6511CA2CBB = {
			explicitFileType = wrapper.application;
			isa = PBXFileReference;
			path = Soundflowerbed.app;
			refType = 3;
			sourceTree = BUILT_PRODUCTS_DIR;
		};
//170
//171
//172
//173
//174
//190
//191
//192
//193
//194
		19C28FACFE9D520D11CA2CBB = {
			children = (
				17587328FF379C6511CA2CBB,
			);
			isa = PBXGroup;
			name = Products;
			refType = 4;
			sourceTree = "<group>";
		};
//190
//191
//192
//193
//194
//290
//291
//292
//293
//294
		29B97313FDCFA39411CA2CEA = {
			buildSettings = {
			};
			buildStyles = (
				4A9504CCFFE6A4B311CA0CBA,
				4A9504CDFFE6A4B311CA0CBA,
			);
			hasScannedForEncodings = 1;
			isa = PBXProject;
			mainGroup = 29B97314FDCFA39411CA2CEA;
			projectDirPath = "";
			targets = (
				29B97326FDCFA39411CA2CEA,
			);
		};
		29B97314FDCFA39411CA2CEA = {
			children = (
				080E96DDFE201D6D7F000001,
				29B97315FDCFA39411CA2CEA,
				29B97317FDCFA39411CA2CEA,
				29B97323FDCFA39411CA2CEA,
				19C28FACFE9D520D11CA2CBB,
			);
			isa = PBXGroup;
			name = AudioThru;
			path = "";
			refType = 4;
			sourceTree = "<group>";
		};
		29B97315FDCFA39411CA2CEA = {
			children = (
				29B97316FDCFA39411CA2CEA,
			);
			isa = PBXGroup;
			name = "Other Sources";
			path = "";
			refType = 4;
			sourceTree = "<group>";
		};
		29B97316FDCFA39411CA2CEA = {
			fileEncoding = 30;
			isa = PBXFileReference;
			lastKnownFileType = sourcecode.c.objc;
			path = main.m;
			refType = 4;
			sourceTree = "<group>";
		};
		29B97317FDCFA39411CA2CEA = {
			children = (
				C9CFAC1E06EFA390001BE11F,
				C9CCA5E606ED143E0076FAC2,
				C9CCA5E706ED143E0076FAC2,
				C9CCA5E806ED143E0076FAC2,
				29B97318FDCFA39411CA2CEA,
				089C165CFE840E0CC02AAC07,
			);
			isa = PBXGroup;
			name = Resources;
			path = "";
			refType = 4;
			sourceTree = "<group>";
		};
		29B97318FDCFA39411CA2CEA = {
			children = (
				29B97319FDCFA39411CA2CEA,
			);
			isa = PBXVariantGroup;
			name = MainMenu.nib;
			path = "";
			refType = 4;
			sourceTree = "<group>";
		};
		29B97319FDCFA39411CA2CEA = {
			isa = PBXFileReference;
			lastKnownFileType = wrapper.nib;
			name = English;
			path = English.lproj/MainMenu.nib;
			refType = 4;
			sourceTree = "<group>";
		};
		29B97323FDCFA39411CA2CEA = {
			children = (
				1058C7A0FEA54F0111CA2CBB,
				1058C7A2FEA54F0111CA2CBB,
			);
			isa = PBXGroup;
			name = Frameworks;
			path = "";
			refType = 4;
			sourceTree = "<group>";
		};
		29B97324FDCFA39411CA2CEA = {
			isa = PBXFileReference;
			lastKnownFileType = wrapper.framework;
			name = AppKit.framework;
			path = /System/Library/Frameworks/AppKit.framework;
			refType = 0;
			sourceTree = "<absolute>";
		};
		29B97325FDCFA39411CA2CEA = {
			isa = PBXFileReference;
			lastKnownFileType = wrapper.framework;
			name = Foundation.framework;
			path = /System/Library/Frameworks/Foundation.framework;
			refType = 0;
			sourceTree = "<absolute>";
		};
		29B97326FDCFA39411CA2CEA = {
			buildPhases = (
				29B97327FDCFA39411CA2CEA,
				29B97328FDCFA39411CA2CEA,
				29B9732BFDCFA39411CA2CEA,
				29B9732DFDCFA39411CA2CEA,
			);
			buildSettings = {
				FRAMEWORK_SEARCH_PATHS = "";
				HEADER_SEARCH_PATHS = "";
				INSTALL_PATH = "$(HOME)/Applications";
				LIBRARY_SEARCH_PATHS = "";
				OTHER_CFLAGS = "";
				OTHER_LDFLAGS = "";
				PRODUCT_NAME = Soundflowerbed;
				SECTORDER_FLAGS = "";
				WARNING_CFLAGS = "-Wmost -Wno-four-char-constants -Wno-unknown-pragmas";
				WRAPPER_EXTENSION = app;
			};
			dependencies = (
			);
			isa = PBXApplicationTarget;
			name = Soundflowerbed;
			productInstallPath = "$(HOME)/Applications";
			productName = AudioThru;
			productReference = 17587328FF379C6511CA2CBB;
			productSettingsXML = "<?xml version=\"1.0\" encoding=\"UTF-8\"?>
<!DOCTYPE plist PUBLIC \"-//Apple Computer//DTD PLIST 1.0//EN\" \"http://www.apple.com/DTDs/PropertyList-1.0.dtd\">
<plist version=\"1.0\">
<dict>
	<key>CFBundleDevelopmentRegion</key>
	<string>English</string>
	<key>CFBundleExecutable</key>
	<string>Soundflowerbed</string>
	<key>CFBundleIconFile</key>
	<string>appIcon.icns</string>
	<key>CFBundleIdentifier</key>
	<string>com.cycling74.Soundflowerbed</string>
	<key>CFBundleInfoDictionaryVersion</key>
	<string>6.0</string>
	<key>CFBundlePackageType</key>
	<string>APPL</string>
	<key>CFBundleSignature</key>
	<string>SFlB</string>
	<key>CFBundleVersion</key>
	<string>1.0</string>
	<key>NSMainNibFile</key>
	<string>MainMenu</string>
	<key>NSPrincipalClass</key>
	<string>NSApplication</string>
	<key>NSUIElement</key>
	<integer>1</integer>
</dict>
</plist>
";
		};
		29B97327FDCFA39411CA2CEA = {
			buildActionMask = 2147483647;
			files = (
				F591DD870310A6BE01FEEC38,
				F591DDB4031157A901FEEC38,
				F591DDB80311589801FEEC38,
				F573070D03117CCD01FEEC38,
				F573071C0311C9EE01FEEC38,
				F573075A0312E91F01FEEC38,
			);
			isa = PBXHeadersBuildPhase;
			runOnlyForDeploymentPostprocessing = 0;
		};
		29B97328FDCFA39411CA2CEA = {
			buildActionMask = 2147483647;
			files = (
				080E96DCFE201CFB7F000001,
				089C165EFE840E0CC02AAC07,
				C9CCA5E906ED143E0076FAC2,
				C9CCA5EA06ED143E0076FAC2,
				C9CCA5EB06ED143E0076FAC2,
				C9CFAC1F06EFA390001BE11F,
			);
			isa = PBXResourcesBuildPhase;
			runOnlyForDeploymentPostprocessing = 0;
		};
		29B9732BFDCFA39411CA2CEA = {
			buildActionMask = 2147483647;
			files = (
				29B9732CFDCFA39411CA2CEA,
				F591DD880310A6BE01FEEC38,
				F591DDB00310C0D001FEEC38,
				F591DDB5031157A901FEEC38,
				F591DDB90311589801FEEC38,
				F573070E03117CCD01FEEC38,
				F57307590312E91F01FEEC38,
			);
			isa = PBXSourcesBuildPhase;
			runOnlyForDeploymentPostprocessing = 0;
		};
		29B9732CFDCFA39411CA2CEA = {
			fileRef = 29B97316FDCFA39411CA2CEA;
			isa = PBXBuildFile;
			settings = {
				ATTRIBUTES = (
				);
			};
		};
		29B9732DFDCFA39411CA2CEA = {
			buildActionMask = 2147483647;
			files = (
				1058C7A3FEA54F0111CA2CBB,
				F591DD9A0310AAC801FEEC38,
				C9E9CD3008E78DA30024DA5B,
			);
			isa = PBXFrameworksBuildPhase;
			runOnlyForDeploymentPostprocessing = 0;
		};
//290
//291
//292
//293
//294
//4A0
//4A1
//4A2
//4A3
//4A4
		4A9504CCFFE6A4B311CA0CBA = {
			buildSettings = {
				COPY_PHASE_STRIP = NO;
				GCC_DYNAMIC_NO_PIC = NO;
				GCC_ENABLE_FIX_AND_CONTINUE = YES;
				GCC_GENERATE_DEBUGGING_SYMBOLS = YES;
				GCC_OPTIMIZATION_LEVEL = 0;
				OPTIMIZATION_CFLAGS = "-O0";
				ZERO_LINK = YES;
			};
			isa = PBXBuildStyle;
			name = Development;
		};
		4A9504CDFFE6A4B311CA0CBA = {
			buildSettings = {
				COPY_PHASE_STRIP = YES;
				GCC_ENABLE_FIX_AND_CONTINUE = NO;
				ZERO_LINK = NO;
			};
			isa = PBXBuildStyle;
			name = Deployment;
		};
//4A0
//4A1
//4A2
//4A3
//4A4
//C90
//C91
//C92
//C93
//C94
		C9CCA5E606ED143E0076FAC2 = {
			isa = PBXFileReference;
			lastKnownFileType = image.tiff;
			path = sf16.tiff;
			refType = 4;
			sourceTree = "<group>";
		};
		C9CCA5E706ED143E0076FAC2 = {
			isa = PBXFileReference;
			lastKnownFileType = image.tiff;
			path = sf2.tiff;
			refType = 4;
			sourceTree = "<group>";
		};
		C9CCA5E806ED143E0076FAC2 = {
			isa = PBXFileReference;
			lastKnownFileType = image.tiff;
			path = menuIcon.tiff;
			refType = 4;
			sourceTree = "<group>";
		};
		C9CCA5E906ED143E0076FAC2 = {
			fileRef = C9CCA5E606ED143E0076FAC2;
			isa = PBXBuildFile;
			settings = {
			};
		};
		C9CCA5EA06ED143E0076FAC2 = {
			fileRef = C9CCA5E706ED143E0076FAC2;
			isa = PBXBuildFile;
			settings = {
			};
		};
		C9CCA5EB06ED143E0076FAC2 = {
			fileRef = C9CCA5E806ED143E0076FAC2;
			isa = PBXBuildFile;
			settings = {
			};
		};
		C9CFAC1E06EFA390001BE11F = {
			isa = PBXFileReference;
			lastKnownFileType = image.icns;
			path = appIcon.icns;
			refType = 4;
			sourceTree = "<group>";
		};
		C9CFAC1F06EFA390001BE11F = {
			fileRef = C9CFAC1E06EFA390001BE11F;
			isa = PBXBuildFile;
			settings = {
			};
		};
		C9E9CD2F08E78DA30024DA5B = {
			isa = PBXFileReference;
			lastKnownFileType = wrapper.framework;
			name = IOKit.framework;
			path = /System/Library/Frameworks/IOKit.framework;
			refType = 0;
			sourceTree = "<absolute>";
		};
		C9E9CD3008E78DA30024DA5B = {
			fileRef = C9E9CD2F08E78DA30024DA5B;
			isa = PBXBuildFile;
			settings = {
			};
		};
//C90
//C91
//C92
//C93
//C94
//F50
//F51
//F52
//F53
//F54
		F573070B03117CCD01FEEC38 = {
			fileEncoding = 30;
			isa = PBXFileReference;
			lastKnownFileType = sourcecode.c.h;
			path = AudioDeviceList.h;
			refType = 4;
			sourceTree = "<group>";
		};
		F573070C03117CCD01FEEC38 = {
			fileEncoding = 30;
			isa = PBXFileReference;
			lastKnownFileType = sourcecode.cpp.cpp;
			path = AudioDeviceList.cpp;
			refType = 4;
			sourceTree = "<group>";
		};
		F573070D03117CCD01FEEC38 = {
			fileRef = F573070B03117CCD01FEEC38;
			isa = PBXBuildFile;
			settings = {
			};
		};
		F573070E03117CCD01FEEC38 = {
			fileRef = F573070C03117CCD01FEEC38;
			isa = PBXBuildFile;
			settings = {
			};
		};
		F573071C0311C9EE01FEEC38 = {
			fileRef = F591DDAD0310C0D001FEEC38;
			isa = PBXBuildFile;
			settings = {
			};
		};
		F57307570312E91E01FEEC38 = {
			fileEncoding = 30;
			isa = PBXFileReference;
			lastKnownFileType = sourcecode.c.objc;
			path = HelpWindowController.m;
			refType = 4;
			sourceTree = "<group>";
		};
		F57307580312E91E01FEEC38 = {
			fileEncoding = 30;
			isa = PBXFileReference;
			lastKnownFileType = sourcecode.c.h;
			path = HelpWindowController.h;
			refType = 4;
			sourceTree = "<group>";
		};
		F57307590312E91F01FEEC38 = {
			fileRef = F57307570312E91E01FEEC38;
			isa = PBXBuildFile;
			settings = {
			};
		};
		F573075A0312E91F01FEEC38 = {
			fileRef = F57307580312E91E01FEEC38;
			isa = PBXBuildFile;
			settings = {
			};
		};
		F591DD850310A6BE01FEEC38 = {
			fileEncoding = 30;
			isa = PBXFileReference;
			lastKnownFileType = sourcecode.c.h;
			path = AppController.h;
			refType = 4;
			sourceTree = "<group>";
		};
		F591DD860310A6BE01FEEC38 = {
			fileEncoding = 30;
			isa = PBXFileReference;
			lastKnownFileType = sourcecode.cpp.objcpp;
			path = AppController.mm;
			refType = 4;
			sourceTree = "<group>";
		};
		F591DD870310A6BE01FEEC38 = {
			fileRef = F591DD850310A6BE01FEEC38;
			isa = PBXBuildFile;
			settings = {
			};
		};
		F591DD880310A6BE01FEEC38 = {
			fileRef = F591DD860310A6BE01FEEC38;
			isa = PBXBuildFile;
			settings = {
			};
		};
		F591DD8D0310AAC801FEEC38 = {
			isa = PBXFileReference;
			lastKnownFileType = wrapper.framework;
			name = CoreAudio.framework;
			path = /System/Library/Frameworks/CoreAudio.framework;
			refType = 0;
			sourceTree = "<absolute>";
		};
		F591DD9A0310AAC801FEEC38 = {
			fileRef = F591DD8D0310AAC801FEEC38;
			isa = PBXBuildFile;
			settings = {
			};
		};
		F591DDAD0310C0D001FEEC38 = {
			fileEncoding = 30;
			isa = PBXFileReference;
			lastKnownFileType = sourcecode.c.h;
			path = AudioRingBuffer.h;
			refType = 4;
			sourceTree = "<group>";
		};
		F591DDAE0310C0D001FEEC38 = {
			fileEncoding = 30;
			isa = PBXFileReference;
			lastKnownFileType = sourcecode.cpp.cpp;
			path = AudioRingBuffer.cpp;
			refType = 4;
			sourceTree = "<group>";
		};
		F591DDB00310C0D001FEEC38 = {
			fileRef = F591DDAE0310C0D001FEEC38;
			isa = PBXBuildFile;
			settings = {
			};
		};
		F591DDB2031157A901FEEC38 = {
			fileEncoding = 30;
			isa = PBXFileReference;
			lastKnownFileType = sourcecode.c.h;
			path = AudioDevice.h;
			refType = 4;
			sourceTree = "<group>";
		};
		F591DDB3031157A901FEEC38 = {
			fileEncoding = 30;
			isa = PBXFileReference;
			lastKnownFileType = sourcecode.cpp.cpp;
			path = AudioDevice.cpp;
			refType = 4;
			sourceTree = "<group>";
		};
		F591DDB4031157A901FEEC38 = {
			fileRef = F591DDB2031157A901FEEC38;
			isa = PBXBuildFile;
			settings = {
			};
		};
		F591DDB5031157A901FEEC38 = {
			fileRef = F591DDB3031157A901FEEC38;
			isa = PBXBuildFile;
			settings = {
			};
		};
		F591DDB60311589801FEEC38 = {
			fileEncoding = 30;
			isa = PBXFileReference;
			lastKnownFileType = sourcecode.c.h;
			path = AudioThruEngine.h;
			refType = 4;
			sourceTree = "<group>";
		};
		F591DDB70311589801FEEC38 = {
			fileEncoding = 30;
			isa = PBXFileReference;
			lastKnownFileType = sourcecode.cpp.cpp;
			path = AudioThruEngine.cpp;
			refType = 4;
			sourceTree = "<group>";
		};
		F591DDB80311589801FEEC38 = {
			fileRef = F591DDB60311589801FEEC38;
			isa = PBXBuildFile;
			settings = {
			};
		};
		F591DDB90311589801FEEC38 = {
			fileRef = F591DDB70311589801FEEC38;
			isa = PBXBuildFile;
			settings = {
			};
		};
	};
	rootObject = 29B97313FDCFA39411CA2CEA;
}
