// !$*UTF8*$!
{
	archiveVersion = 1;
	classes = {
	};
	objectVersion = 46;
	objects = {

/* Begin PBXBuildFile section */
		222FE33A0EBB6D9900FD13FC /* MainMenu.nib in Resources */ = {isa = PBXBuildFile; fileRef = 29B97318FDCFA39411CA2CEA /* MainMenu.nib */; };
		222FE33F0EBB6D9900FD13FC /* appIcon.icns in Resources */ = {isa = PBXBuildFile; fileRef = C9CFAC1E06EFA390001BE11F /* appIcon.icns */; };
		222FE3410EBB6D9900FD13FC /* main.m in Sources */ = {isa = PBXBuildFile; fileRef = 29B97316FDCFA39411CA2CEA /* main.m */; settings = {ATTRIBUTES = (); }; };
		222FE3420EBB6D9900FD13FC /* AppController.mm in Sources */ = {isa = PBXBuildFile; fileRef = F591DD860310A6BE01FEEC38 /* AppController.mm */; };
		222FE3440EBB6D9900FD13FC /* AudioDevice.cpp in Sources */ = {isa = PBXBuildFile; fileRef = F591DDB3031157A901FEEC38 /* AudioDevice.cpp */; };
		222FE3490EBB6D9900FD13FC /* Cocoa.framework in Frameworks */ = {isa = PBXBuildFile; fileRef = 1058C7A1FEA54F0111CA2CBB /* Cocoa.framework */; };
		222FE34A0EBB6D9900FD13FC /* CoreAudio.framework in Frameworks */ = {isa = PBXBuildFile; fileRef = F591DD8D0310AAC801FEEC38 /* CoreAudio.framework */; };
		222FE34B0EBB6D9900FD13FC /* IOKit.framework in Frameworks */ = {isa = PBXBuildFile; fileRef = C9E9CD2F08E78DA30024DA5B /* IOKit.framework */; };
		3E48E0E415F40FFD00A49308 /* AudioToolbox.framework in Frameworks */ = {isa = PBXBuildFile; fileRef = 3E48E0E315F40FFD00A49308 /* AudioToolbox.framework */; };
		3E4C6C4915FBAE56005F0518 /* AudioTee.cpp in Sources */ = {isa = PBXBuildFile; fileRef = 3E4C6C4715FBAE56005F0518 /* AudioTee.cpp */; };
		3E63F79C15E91805005221AF /* record.sh in Resources */ = {isa = PBXBuildFile; fileRef = 3E63F79A15E91805005221AF /* record.sh */; };
		3E63F79D15E91805005221AF /* kill_recorders.sh in Resources */ = {isa = PBXBuildFile; fileRef = 3E63F79B15E91805005221AF /* kill_recorders.sh */; };
		3E63F79E15E9181D005221AF /* kill_recorders.sh in CopyFiles */ = {isa = PBXBuildFile; fileRef = 3E63F79B15E91805005221AF /* kill_recorders.sh */; };
		3E63F79F15E91821005221AF /* record.sh in CopyFiles */ = {isa = PBXBuildFile; fileRef = 3E63F79A15E91805005221AF /* record.sh */; };
		3E6E9610160123AF006D07F8 /* WavFileUtils.cpp in Sources */ = {isa = PBXBuildFile; fileRef = 3E6E960E160123AF006D07F8 /* WavFileUtils.cpp */; };
		3E7B1B1215FEA6B90030310F /* CAAtomic.h in Headers */ = {isa = PBXBuildFile; fileRef = 3E7B1A4F15FEA6B90030310F /* CAAtomic.h */; };
		3E7B1B2A15FEA6B90030310F /* CAAutoDisposer.h in Headers */ = {isa = PBXBuildFile; fileRef = 3E7B1A6715FEA6B90030310F /* CAAutoDisposer.h */; };
		3E7B1B2B15FEA6B90030310F /* CABitOperations.h in Headers */ = {isa = PBXBuildFile; fileRef = 3E7B1A6815FEA6B90030310F /* CABitOperations.h */; };
		3E7B1B6B15FEA6B90030310F /* CARingBuffer.cpp in Sources */ = {isa = PBXBuildFile; fileRef = 3E7B1AA815FEA6B90030310F /* CARingBuffer.cpp */; };
		3E7B1B6C15FEA6B90030310F /* CARingBuffer.h in Headers */ = {isa = PBXBuildFile; fileRef = 3E7B1AA915FEA6B90030310F /* CARingBuffer.h */; };
		3E82F12515E15B6900F16BCB /* sox in CopyFiles */ = {isa = PBXBuildFile; fileRef = 3E82F12415E15B6900F16BCB /* sox */; };
		3EA7CAF3165F627200BD5263 /* AppController.hpp in Headers */ = {isa = PBXBuildFile; fileRef = 3EA7CAEF165F627200BD5263 /* AppController.hpp */; };
		3EA7CAF4165F627200BD5263 /* AudioDevice.hpp in Headers */ = {isa = PBXBuildFile; fileRef = 3EA7CAF0165F627200BD5263 /* AudioDevice.hpp */; };
		3EA7CAF5165F627200BD5263 /* AudioTee.hpp in Headers */ = {isa = PBXBuildFile; fileRef = 3EA7CAF1165F627200BD5263 /* AudioTee.hpp */; };
		3EA7CAF6165F627200BD5263 /* WavFileUtils.hpp in Headers */ = {isa = PBXBuildFile; fileRef = 3EA7CAF2165F627200BD5263 /* WavFileUtils.hpp */; };
		3EB6916F15E8E83A00F632B8 /* Carbon.framework in Frameworks */ = {isa = PBXBuildFile; fileRef = 3EB6916E15E8E83A00F632B8 /* Carbon.framework */; };
		3EB837E819AD36F6000FF14E /* menuIcon1@2x.tiff in Resources */ = {isa = PBXBuildFile; fileRef = 3EB837D919AD36F6000FF14E /* menuIcon1@2x.tiff */; };
		3EB837E919AD36F6000FF14E /* menuIcon2@2x.tiff in Resources */ = {isa = PBXBuildFile; fileRef = 3EB837DA19AD36F6000FF14E /* menuIcon2@2x.tiff */; };
		3EB837EA19AD36F6000FF14E /* menuIcon3@2x.tiff in Resources */ = {isa = PBXBuildFile; fileRef = 3EB837DB19AD36F6000FF14E /* menuIcon3@2x.tiff */; };
		3EB837EB19AD36F6000FF14E /* menuIcon4@2x.tiff in Resources */ = {isa = PBXBuildFile; fileRef = 3EB837DC19AD36F6000FF14E /* menuIcon4@2x.tiff */; };
		3EB837EC19AD36F6000FF14E /* menuIcon5@2x.tiff in Resources */ = {isa = PBXBuildFile; fileRef = 3EB837DD19AD36F6000FF14E /* menuIcon5@2x.tiff */; };
		3EB837ED19AD36F6000FF14E /* menuIcon6@2x.tiff in Resources */ = {isa = PBXBuildFile; fileRef = 3EB837DE19AD36F6000FF14E /* menuIcon6@2x.tiff */; };
		3EB837EE19AD36F6000FF14E /* menuIcon7@2x.tiff in Resources */ = {isa = PBXBuildFile; fileRef = 3EB837DF19AD36F6000FF14E /* menuIcon7@2x.tiff */; };
		3EB837EF19AD36F6000FF14E /* menuIcon8@2x.tiff in Resources */ = {isa = PBXBuildFile; fileRef = 3EB837E019AD36F6000FF14E /* menuIcon8@2x.tiff */; };
		3EB837F019AD36F6000FF14E /* menuIcon9@2x.tiff in Resources */ = {isa = PBXBuildFile; fileRef = 3EB837E119AD36F6000FF14E /* menuIcon9@2x.tiff */; };
		3EB837F119AD36F6000FF14E /* menuIcon10@2x.tiff in Resources */ = {isa = PBXBuildFile; fileRef = 3EB837E219AD36F6000FF14E /* menuIcon10@2x.tiff */; };
		3EB837F219AD36F6000FF14E /* menuIcon11@2x.tiff in Resources */ = {isa = PBXBuildFile; fileRef = 3EB837E319AD36F6000FF14E /* menuIcon11@2x.tiff */; };
		3EB837F319AD36F6000FF14E /* menuIcon12@2x.tiff in Resources */ = {isa = PBXBuildFile; fileRef = 3EB837E419AD36F6000FF14E /* menuIcon12@2x.tiff */; };
		3EB837F419AD36F6000FF14E /* menuIcon13@2x.tiff in Resources */ = {isa = PBXBuildFile; fileRef = 3EB837E519AD36F6000FF14E /* menuIcon13@2x.tiff */; };
		3EB837F519AD36F6000FF14E /* menuIcon14@2x.tiff in Resources */ = {isa = PBXBuildFile; fileRef = 3EB837E619AD36F6000FF14E /* menuIcon14@2x.tiff */; };
		3EB837F619AD36F6000FF14E /* menuIcon15@2x.tiff in Resources */ = {isa = PBXBuildFile; fileRef = 3EB837E719AD36F6000FF14E /* menuIcon15@2x.tiff */; };
		3ED2162819AD390E00AB6AA4 /* menuIcon0@2x.tiff in Resources */ = {isa = PBXBuildFile; fileRef = 3ED2162719AD390E00AB6AA4 /* menuIcon0@2x.tiff */; };
/* End PBXBuildFile section */

/* Begin PBXCopyFilesBuildPhase section */
		3E82F12215E15AC900F16BCB /* CopyFiles */ = {
			isa = PBXCopyFilesBuildPhase;
			buildActionMask = 2147483647;
			dstPath = "";
			dstSubfolderSpec = 12;
			files = (
				3E82F12515E15B6900F16BCB /* sox in CopyFiles */,
				3E63F79F15E91821005221AF /* record.sh in CopyFiles */,
				3E63F79E15E9181D005221AF /* kill_recorders.sh in CopyFiles */,
			);
			runOnlyForDeploymentPostprocessing = 0;
		};
/* End PBXCopyFilesBuildPhase section */

/* Begin PBXFileReference section */
		1058C7A1FEA54F0111CA2CBB /* Cocoa.framework */ = {isa = PBXFileReference; lastKnownFileType = wrapper.framework; name = Cocoa.framework; path = /System/Library/Frameworks/Cocoa.framework; sourceTree = "<absolute>"; };
		222FE3510EBB6D9900FD13FC /* WavTap.app */ = {isa = PBXFileReference; explicitFileType = wrapper.application; includeInIndex = 0; path = WavTap.app; sourceTree = BUILT_PRODUCTS_DIR; };
		229B366F0EDC1DB500623222 /* Info.plist */ = {isa = PBXFileReference; fileEncoding = 4; lastKnownFileType = text.plist.xml; path = Info.plist; sourceTree = "<group>"; };
		29B97316FDCFA39411CA2CEA /* main.m */ = {isa = PBXFileReference; fileEncoding = 30; lastKnownFileType = sourcecode.c.objc; path = main.m; sourceTree = "<group>"; };
		29B97319FDCFA39411CA2CEA /* English */ = {isa = PBXFileReference; lastKnownFileType = wrapper.nib; name = English; path = English.lproj/MainMenu.nib; sourceTree = "<group>"; };
		29B97324FDCFA39411CA2CEA /* AppKit.framework */ = {isa = PBXFileReference; lastKnownFileType = wrapper.framework; name = AppKit.framework; path = /System/Library/Frameworks/AppKit.framework; sourceTree = "<absolute>"; };
		29B97325FDCFA39411CA2CEA /* Foundation.framework */ = {isa = PBXFileReference; lastKnownFileType = wrapper.framework; name = Foundation.framework; path = /System/Library/Frameworks/Foundation.framework; sourceTree = "<absolute>"; };
		3E48E0E315F40FFD00A49308 /* AudioToolbox.framework */ = {isa = PBXFileReference; lastKnownFileType = wrapper.framework; name = AudioToolbox.framework; path = Platforms/MacOSX.platform/Developer/SDKs/MacOSX10.8.sdk/System/Library/Frameworks/AudioToolbox.framework; sourceTree = DEVELOPER_DIR; };
		3E4C6C4715FBAE56005F0518 /* AudioTee.cpp */ = {isa = PBXFileReference; fileEncoding = 4; lastKnownFileType = sourcecode.cpp.cpp; path = AudioTee.cpp; sourceTree = "<group>"; };
		3E63F79A15E91805005221AF /* record.sh */ = {isa = PBXFileReference; fileEncoding = 4; lastKnownFileType = text; path = record.sh; sourceTree = "<group>"; };
		3E63F79B15E91805005221AF /* kill_recorders.sh */ = {isa = PBXFileReference; fileEncoding = 4; lastKnownFileType = text; path = kill_recorders.sh; sourceTree = "<group>"; };
		3E6E960E160123AF006D07F8 /* WavFileUtils.cpp */ = {isa = PBXFileReference; fileEncoding = 4; lastKnownFileType = sourcecode.cpp.cpp; path = WavFileUtils.cpp; sourceTree = "<group>"; };
		3E7B1A4F15FEA6B90030310F /* CAAtomic.h */ = {isa = PBXFileReference; fileEncoding = 4; lastKnownFileType = sourcecode.c.h; path = CAAtomic.h; sourceTree = "<group>"; };
		3E7B1A6715FEA6B90030310F /* CAAutoDisposer.h */ = {isa = PBXFileReference; fileEncoding = 4; lastKnownFileType = sourcecode.c.h; path = CAAutoDisposer.h; sourceTree = "<group>"; };
		3E7B1A6815FEA6B90030310F /* CABitOperations.h */ = {isa = PBXFileReference; fileEncoding = 4; lastKnownFileType = sourcecode.c.h; path = CABitOperations.h; sourceTree = "<group>"; };
		3E7B1AA815FEA6B90030310F /* CARingBuffer.cpp */ = {isa = PBXFileReference; fileEncoding = 4; lastKnownFileType = sourcecode.cpp.cpp; path = CARingBuffer.cpp; sourceTree = "<group>"; };
		3E7B1AA915FEA6B90030310F /* CARingBuffer.h */ = {isa = PBXFileReference; fileEncoding = 4; lastKnownFileType = sourcecode.c.h; path = CARingBuffer.h; sourceTree = "<group>"; };
		3E82F12415E15B6900F16BCB /* sox */ = {isa = PBXFileReference; lastKnownFileType = "compiled.mach-o.executable"; path = sox; sourceTree = "<group>"; };
		3EA7CAEF165F627200BD5263 /* AppController.hpp */ = {isa = PBXFileReference; fileEncoding = 4; lastKnownFileType = sourcecode.cpp.h; path = AppController.hpp; sourceTree = "<group>"; };
		3EA7CAF0165F627200BD5263 /* AudioDevice.hpp */ = {isa = PBXFileReference; fileEncoding = 4; lastKnownFileType = sourcecode.cpp.h; path = AudioDevice.hpp; sourceTree = "<group>"; };
		3EA7CAF1165F627200BD5263 /* AudioTee.hpp */ = {isa = PBXFileReference; fileEncoding = 4; lastKnownFileType = sourcecode.cpp.h; path = AudioTee.hpp; sourceTree = "<group>"; };
		3EA7CAF2165F627200BD5263 /* WavFileUtils.hpp */ = {isa = PBXFileReference; fileEncoding = 4; lastKnownFileType = sourcecode.cpp.h; path = WavFileUtils.hpp; sourceTree = "<group>"; };
		3EB6916E15E8E83A00F632B8 /* Carbon.framework */ = {isa = PBXFileReference; lastKnownFileType = wrapper.framework; name = Carbon.framework; path = Platforms/MacOSX.platform/Developer/SDKs/MacOSX10.7.sdk/System/Library/Frameworks/Carbon.framework; sourceTree = DEVELOPER_DIR; };
		3EB837D919AD36F6000FF14E /* menuIcon1@2x.tiff */ = {isa = PBXFileReference; lastKnownFileType = image.tiff; path = "menuIcon1@2x.tiff"; sourceTree = "<group>"; };
		3EB837DA19AD36F6000FF14E /* menuIcon2@2x.tiff */ = {isa = PBXFileReference; lastKnownFileType = image.tiff; path = "menuIcon2@2x.tiff"; sourceTree = "<group>"; };
		3EB837DB19AD36F6000FF14E /* menuIcon3@2x.tiff */ = {isa = PBXFileReference; lastKnownFileType = image.tiff; path = "menuIcon3@2x.tiff"; sourceTree = "<group>"; };
		3EB837DC19AD36F6000FF14E /* menuIcon4@2x.tiff */ = {isa = PBXFileReference; lastKnownFileType = image.tiff; path = "menuIcon4@2x.tiff"; sourceTree = "<group>"; };
		3EB837DD19AD36F6000FF14E /* menuIcon5@2x.tiff */ = {isa = PBXFileReference; lastKnownFileType = image.tiff; path = "menuIcon5@2x.tiff"; sourceTree = "<group>"; };
		3EB837DE19AD36F6000FF14E /* menuIcon6@2x.tiff */ = {isa = PBXFileReference; lastKnownFileType = image.tiff; path = "menuIcon6@2x.tiff"; sourceTree = "<group>"; };
		3EB837DF19AD36F6000FF14E /* menuIcon7@2x.tiff */ = {isa = PBXFileReference; lastKnownFileType = image.tiff; path = "menuIcon7@2x.tiff"; sourceTree = "<group>"; };
		3EB837E019AD36F6000FF14E /* menuIcon8@2x.tiff */ = {isa = PBXFileReference; lastKnownFileType = image.tiff; path = "menuIcon8@2x.tiff"; sourceTree = "<group>"; };
		3EB837E119AD36F6000FF14E /* menuIcon9@2x.tiff */ = {isa = PBXFileReference; lastKnownFileType = image.tiff; path = "menuIcon9@2x.tiff"; sourceTree = "<group>"; };
		3EB837E219AD36F6000FF14E /* menuIcon10@2x.tiff */ = {isa = PBXFileReference; lastKnownFileType = image.tiff; path = "menuIcon10@2x.tiff"; sourceTree = "<group>"; };
		3EB837E319AD36F6000FF14E /* menuIcon11@2x.tiff */ = {isa = PBXFileReference; lastKnownFileType = image.tiff; path = "menuIcon11@2x.tiff"; sourceTree = "<group>"; };
		3EB837E419AD36F6000FF14E /* menuIcon12@2x.tiff */ = {isa = PBXFileReference; lastKnownFileType = image.tiff; path = "menuIcon12@2x.tiff"; sourceTree = "<group>"; };
		3EB837E519AD36F6000FF14E /* menuIcon13@2x.tiff */ = {isa = PBXFileReference; lastKnownFileType = image.tiff; path = "menuIcon13@2x.tiff"; sourceTree = "<group>"; };
		3EB837E619AD36F6000FF14E /* menuIcon14@2x.tiff */ = {isa = PBXFileReference; lastKnownFileType = image.tiff; path = "menuIcon14@2x.tiff"; sourceTree = "<group>"; };
		3EB837E719AD36F6000FF14E /* menuIcon15@2x.tiff */ = {isa = PBXFileReference; lastKnownFileType = image.tiff; path = "menuIcon15@2x.tiff"; sourceTree = "<group>"; };
		3ED2162719AD390E00AB6AA4 /* menuIcon0@2x.tiff */ = {isa = PBXFileReference; lastKnownFileType = image.tiff; path = "menuIcon0@2x.tiff"; sourceTree = "<group>"; };
		C9CFAC1E06EFA390001BE11F /* appIcon.icns */ = {isa = PBXFileReference; lastKnownFileType = image.icns; path = appIcon.icns; sourceTree = "<group>"; };
		C9E9CD2F08E78DA30024DA5B /* IOKit.framework */ = {isa = PBXFileReference; lastKnownFileType = wrapper.framework; name = IOKit.framework; path = /System/Library/Frameworks/IOKit.framework; sourceTree = "<absolute>"; };
		F591DD860310A6BE01FEEC38 /* AppController.mm */ = {isa = PBXFileReference; fileEncoding = 4; lastKnownFileType = sourcecode.cpp.objcpp; lineEnding = 0; path = AppController.mm; sourceTree = "<group>"; xcLanguageSpecificationIdentifier = xcode.lang.objcpp; };
		F591DD8D0310AAC801FEEC38 /* CoreAudio.framework */ = {isa = PBXFileReference; lastKnownFileType = wrapper.framework; name = CoreAudio.framework; path = /System/Library/Frameworks/CoreAudio.framework; sourceTree = "<absolute>"; };
		F591DDB3031157A901FEEC38 /* AudioDevice.cpp */ = {isa = PBXFileReference; fileEncoding = 30; lastKnownFileType = sourcecode.cpp.cpp; path = AudioDevice.cpp; sourceTree = "<group>"; };
/* End PBXFileReference section */

/* Begin PBXFrameworksBuildPhase section */
		222FE3480EBB6D9900FD13FC /* Frameworks */ = {
			isa = PBXFrameworksBuildPhase;
			buildActionMask = 2147483647;
			files = (
				3E48E0E415F40FFD00A49308 /* AudioToolbox.framework in Frameworks */,
				3EB6916F15E8E83A00F632B8 /* Carbon.framework in Frameworks */,
				222FE3490EBB6D9900FD13FC /* Cocoa.framework in Frameworks */,
				222FE34A0EBB6D9900FD13FC /* CoreAudio.framework in Frameworks */,
				222FE34B0EBB6D9900FD13FC /* IOKit.framework in Frameworks */,
			);
			runOnlyForDeploymentPostprocessing = 0;
		};
/* End PBXFrameworksBuildPhase section */

/* Begin PBXGroup section */
		080E96DDFE201D6D7F000001 /* Classes */ = {
			isa = PBXGroup;
			children = (
				3EA7CAEF165F627200BD5263 /* AppController.hpp */,
				3EA7CAF0165F627200BD5263 /* AudioDevice.hpp */,
				3EA7CAF1165F627200BD5263 /* AudioTee.hpp */,
				3EA7CAF2165F627200BD5263 /* WavFileUtils.hpp */,
				F591DD860310A6BE01FEEC38 /* AppController.mm */,
				3E4C6C4715FBAE56005F0518 /* AudioTee.cpp */,
				F591DDB3031157A901FEEC38 /* AudioDevice.cpp */,
				3E6E960E160123AF006D07F8 /* WavFileUtils.cpp */,
			);
			name = Classes;
			sourceTree = "<group>";
		};
		1058C7A0FEA54F0111CA2CBB /* Linked Frameworks */ = {
			isa = PBXGroup;
			children = (
				29B97324FDCFA39411CA2CEA /* AppKit.framework */,
				29B97325FDCFA39411CA2CEA /* Foundation.framework */,
				C9E9CD2F08E78DA30024DA5B /* IOKit.framework */,
				3EB6916E15E8E83A00F632B8 /* Carbon.framework */,
				3E48E0E315F40FFD00A49308 /* AudioToolbox.framework */,
				1058C7A1FEA54F0111CA2CBB /* Cocoa.framework */,
				F591DD8D0310AAC801FEEC38 /* CoreAudio.framework */,
			);
			name = "Linked Frameworks";
			sourceTree = "<group>";
		};
		19C28FACFE9D520D11CA2CBB /* Products */ = {
			isa = PBXGroup;
			children = (
				222FE3510EBB6D9900FD13FC /* WavTap.app */,
			);
			name = Products;
			sourceTree = "<group>";
		};
		29B97314FDCFA39411CA2CEA /* AudioThru */ = {
			isa = PBXGroup;
			children = (
				3E7B19ED15FEA6B90030310F /* CoreAudio */,
				3E63F79A15E91805005221AF /* record.sh */,
				3E63F79B15E91805005221AF /* kill_recorders.sh */,
				3E82F12415E15B6900F16BCB /* sox */,
				080E96DDFE201D6D7F000001 /* Classes */,
				29B97315FDCFA39411CA2CEA /* Other Sources */,
				29B97317FDCFA39411CA2CEA /* Resources */,
				29B97323FDCFA39411CA2CEA /* Frameworks */,
				19C28FACFE9D520D11CA2CBB /* Products */,
			);
			indentWidth = 2;
			name = AudioThru;
			sourceTree = "<group>";
			tabWidth = 2;
		};
		29B97315FDCFA39411CA2CEA /* Other Sources */ = {
			isa = PBXGroup;
			children = (
				29B97316FDCFA39411CA2CEA /* main.m */,
			);
			name = "Other Sources";
			sourceTree = "<group>";
		};
		29B97317FDCFA39411CA2CEA /* Resources */ = {
			isa = PBXGroup;
			children = (
				3ED2162719AD390E00AB6AA4 /* menuIcon0@2x.tiff */,
				3EB837D919AD36F6000FF14E /* menuIcon1@2x.tiff */,
				3EB837DA19AD36F6000FF14E /* menuIcon2@2x.tiff */,
				3EB837DB19AD36F6000FF14E /* menuIcon3@2x.tiff */,
				3EB837DC19AD36F6000FF14E /* menuIcon4@2x.tiff */,
				3EB837DD19AD36F6000FF14E /* menuIcon5@2x.tiff */,
				3EB837DE19AD36F6000FF14E /* menuIcon6@2x.tiff */,
				3EB837DF19AD36F6000FF14E /* menuIcon7@2x.tiff */,
				3EB837E019AD36F6000FF14E /* menuIcon8@2x.tiff */,
				3EB837E119AD36F6000FF14E /* menuIcon9@2x.tiff */,
				3EB837E219AD36F6000FF14E /* menuIcon10@2x.tiff */,
				3EB837E319AD36F6000FF14E /* menuIcon11@2x.tiff */,
				3EB837E419AD36F6000FF14E /* menuIcon12@2x.tiff */,
				3EB837E519AD36F6000FF14E /* menuIcon13@2x.tiff */,
				3EB837E619AD36F6000FF14E /* menuIcon14@2x.tiff */,
				3EB837E719AD36F6000FF14E /* menuIcon15@2x.tiff */,
				C9CFAC1E06EFA390001BE11F /* appIcon.icns */,
				29B97318FDCFA39411CA2CEA /* MainMenu.nib */,
				229B366F0EDC1DB500623222 /* Info.plist */,
			);
			name = Resources;
			sourceTree = "<group>";
		};
		29B97323FDCFA39411CA2CEA /* Frameworks */ = {
			isa = PBXGroup;
			children = (
				1058C7A0FEA54F0111CA2CBB /* Linked Frameworks */,
			);
			name = Frameworks;
			sourceTree = "<group>";
		};
		3E7B19ED15FEA6B90030310F /* CoreAudio */ = {
			isa = PBXGroup;
			children = (
				3E7B1A4A15FEA6B90030310F /* PublicUtility */,
			);
			path = CoreAudio;
			sourceTree = "<group>";
		};
		3E7B1A4A15FEA6B90030310F /* PublicUtility */ = {
			isa = PBXGroup;
			children = (
				3E7B1A4F15FEA6B90030310F /* CAAtomic.h */,
				3E7B1A6715FEA6B90030310F /* CAAutoDisposer.h */,
				3E7B1A6815FEA6B90030310F /* CABitOperations.h */,
				3E7B1AA815FEA6B90030310F /* CARingBuffer.cpp */,
				3E7B1AA915FEA6B90030310F /* CARingBuffer.h */,
			);
			path = PublicUtility;
			sourceTree = "<group>";
		};
/* End PBXGroup section */

/* Begin PBXHeadersBuildPhase section */
		222FE3320EBB6D9900FD13FC /* Headers */ = {
			isa = PBXHeadersBuildPhase;
			buildActionMask = 2147483647;
			files = (
				3E7B1B1215FEA6B90030310F /* CAAtomic.h in Headers */,
				3E7B1B2A15FEA6B90030310F /* CAAutoDisposer.h in Headers */,
				3E7B1B2B15FEA6B90030310F /* CABitOperations.h in Headers */,
				3E7B1B6C15FEA6B90030310F /* CARingBuffer.h in Headers */,
				3EA7CAF3165F627200BD5263 /* AppController.hpp in Headers */,
				3EA7CAF4165F627200BD5263 /* AudioDevice.hpp in Headers */,
				3EA7CAF5165F627200BD5263 /* AudioTee.hpp in Headers */,
				3EA7CAF6165F627200BD5263 /* WavFileUtils.hpp in Headers */,
			);
			runOnlyForDeploymentPostprocessing = 0;
		};
/* End PBXHeadersBuildPhase section */

/* Begin PBXNativeTarget section */
		222FE3310EBB6D9900FD13FC /* WavTap */ = {
			isa = PBXNativeTarget;
			buildConfigurationList = 222FE34C0EBB6D9900FD13FC /* Build configuration list for PBXNativeTarget "WavTap" */;
			buildPhases = (
				222FE3320EBB6D9900FD13FC /* Headers */,
				222FE3390EBB6D9900FD13FC /* Resources */,
				222FE3400EBB6D9900FD13FC /* Sources */,
				222FE3480EBB6D9900FD13FC /* Frameworks */,
				3E82F12215E15AC900F16BCB /* CopyFiles */,
			);
			buildRules = (
			);
			dependencies = (
			);
			name = WavTap;
			productInstallPath = "$(HOME)/Applications";
			productName = AudioThru;
			productReference = 222FE3510EBB6D9900FD13FC /* WavTap.app */;
			productType = "com.apple.product-type.application";
		};
/* End PBXNativeTarget section */

/* Begin PBXProject section */
		29B97313FDCFA39411CA2CEA /* Project object */ = {
			isa = PBXProject;
			attributes = {
				LastUpgradeCheck = 0510;
			};
			buildConfigurationList = 222FE2FF0EBB5DD500FD13FC /* Build configuration list for PBXProject "WavTap" */;
			compatibilityVersion = "Xcode 3.2";
			developmentRegion = English;
			hasScannedForEncodings = 1;
			knownRegions = (
				en,
			);
			mainGroup = 29B97314FDCFA39411CA2CEA /* AudioThru */;
			projectDirPath = "";
			projectRoot = "";
			targets = (
				222FE3310EBB6D9900FD13FC /* WavTap */,
			);
		};
/* End PBXProject section */

/* Begin PBXResourcesBuildPhase section */
		222FE3390EBB6D9900FD13FC /* Resources */ = {
			isa = PBXResourcesBuildPhase;
			buildActionMask = 2147483647;
			files = (
				3EB837F119AD36F6000FF14E /* menuIcon10@2x.tiff in Resources */,
				3EB837F419AD36F6000FF14E /* menuIcon13@2x.tiff in Resources */,
				3EB837F519AD36F6000FF14E /* menuIcon14@2x.tiff in Resources */,
				3EB837EF19AD36F6000FF14E /* menuIcon8@2x.tiff in Resources */,
				3ED2162819AD390E00AB6AA4 /* menuIcon0@2x.tiff in Resources */,
				3EB837E919AD36F6000FF14E /* menuIcon2@2x.tiff in Resources */,
				3EB837EE19AD36F6000FF14E /* menuIcon7@2x.tiff in Resources */,
				3EB837F319AD36F6000FF14E /* menuIcon12@2x.tiff in Resources */,
				222FE33A0EBB6D9900FD13FC /* MainMenu.nib in Resources */,
				3EB837EC19AD36F6000FF14E /* menuIcon5@2x.tiff in Resources */,
				3EB837E819AD36F6000FF14E /* menuIcon1@2x.tiff in Resources */,
				3EB837F619AD36F6000FF14E /* menuIcon15@2x.tiff in Resources */,
				3EB837ED19AD36F6000FF14E /* menuIcon6@2x.tiff in Resources */,
				222FE33F0EBB6D9900FD13FC /* appIcon.icns in Resources */,
				3EB837EB19AD36F6000FF14E /* menuIcon4@2x.tiff in Resources */,
				3EB837EA19AD36F6000FF14E /* menuIcon3@2x.tiff in Resources */,
				3EB837F219AD36F6000FF14E /* menuIcon11@2x.tiff in Resources */,
				3E63F79C15E91805005221AF /* record.sh in Resources */,
				3EB837F019AD36F6000FF14E /* menuIcon9@2x.tiff in Resources */,
				3E63F79D15E91805005221AF /* kill_recorders.sh in Resources */,
			);
			runOnlyForDeploymentPostprocessing = 0;
		};
/* End PBXResourcesBuildPhase section */

/* Begin PBXSourcesBuildPhase section */
		222FE3400EBB6D9900FD13FC /* Sources */ = {
			isa = PBXSourcesBuildPhase;
			buildActionMask = 2147483647;
			files = (
				222FE3410EBB6D9900FD13FC /* main.m in Sources */,
				222FE3420EBB6D9900FD13FC /* AppController.mm in Sources */,
				222FE3440EBB6D9900FD13FC /* AudioDevice.cpp in Sources */,
				3E4C6C4915FBAE56005F0518 /* AudioTee.cpp in Sources */,
				3E7B1B6B15FEA6B90030310F /* CARingBuffer.cpp in Sources */,
				3E6E9610160123AF006D07F8 /* WavFileUtils.cpp in Sources */,
			);
			runOnlyForDeploymentPostprocessing = 0;
		};
/* End PBXSourcesBuildPhase section */

/* Begin PBXVariantGroup section */
		29B97318FDCFA39411CA2CEA /* MainMenu.nib */ = {
			isa = PBXVariantGroup;
			children = (
				29B97319FDCFA39411CA2CEA /* English */,
			);
			name = MainMenu.nib;
			sourceTree = "<group>";
		};
/* End PBXVariantGroup section */

/* Begin XCBuildConfiguration section */
		222FE2F90EBB5DD500FD13FC /* Development */ = {
			isa = XCBuildConfiguration;
			buildSettings = {
				MACOSX_DEPLOYMENT_TARGET = 10.13;
				PRODUCT_NAME = WavTap;
			};
			name = Development;
		};
		222FE2FA0EBB5DD500FD13FC /* Deployment */ = {
			isa = XCBuildConfiguration;
			buildSettings = {
				MACOSX_DEPLOYMENT_TARGET = 10.13;
				PRODUCT_NAME = WavTap;
			};
			name = Deployment;
		};
		222FE34D0EBB6D9900FD13FC /* Development */ = {
			isa = XCBuildConfiguration;
			buildSettings = {
				CLANG_ENABLE_OBJC_ARC = YES;
				COMBINE_HIDPI_IMAGES = YES;
				COPY_PHASE_STRIP = NO;
				DEPLOYMENT_LOCATION = YES;
				DSTROOT = /;
				GCC_DYNAMIC_NO_PIC = NO;
				GCC_GENERATE_DEBUGGING_SYMBOLS = YES;
				GCC_OPTIMIZATION_LEVEL = 0;
				GCC_SYMBOLS_PRIVATE_EXTERN = NO;
				GCC_VERSION = "";
				INFOPLIST_FILE = Info.plist;
				INSTALL_PATH = /Applications/WavTap;
				MACOSX_DEPLOYMENT_TARGET = 10.9;
				PRODUCT_NAME = WavTap;
				SDKROOT = macosx10.9;
				SECTORDER_FLAGS = "";
				SKIP_INSTALL = YES;
				WARNING_CFLAGS = (
					"-Wmost",
					"-Wno-four-char-constants",
					"-Wno-unknown-pragmas",
				);
			};
			name = Development;
		};
		222FE34E0EBB6D9900FD13FC /* Deployment */ = {
			isa = XCBuildConfiguration;
			buildSettings = {
				CLANG_ENABLE_OBJC_ARC = YES;
				COMBINE_HIDPI_IMAGES = YES;
				COPY_PHASE_STRIP = YES;
				DEPLOYMENT_LOCATION = YES;
				DSTROOT = /;
				GCC_SYMBOLS_PRIVATE_EXTERN = NO;
				GCC_VERSION = "";
				INFOPLIST_FILE = Info.plist;
				INSTALL_PATH = /Applications/WavTap;
				MACOSX_DEPLOYMENT_TARGET = 10.9;
				PRODUCT_NAME = WavTap;
				SDKROOT = macosx10.9;
				SECTORDER_FLAGS = "";
				SKIP_INSTALL = YES;
				WARNING_CFLAGS = (
					"-Wmost",
					"-Wno-four-char-constants",
					"-Wno-unknown-pragmas",
				);
			};
			name = Deployment;
		};
/* End XCBuildConfiguration section */

/* Begin XCConfigurationList section */
		222FE2FF0EBB5DD500FD13FC /* Build configuration list for PBXProject "WavTap" */ = {
			isa = XCConfigurationList;
			buildConfigurations = (
				222FE2F90EBB5DD500FD13FC /* Development */,
				222FE2FA0EBB5DD500FD13FC /* Deployment */,
			);
			defaultConfigurationIsVisible = 0;
			defaultConfigurationName = Deployment;
		};
		222FE34C0EBB6D9900FD13FC /* Build configuration list for PBXNativeTarget "WavTap" */ = {
			isa = XCConfigurationList;
			buildConfigurations = (
				222FE34D0EBB6D9900FD13FC /* Development */,
				222FE34E0EBB6D9900FD13FC /* Deployment */,
			);
			defaultConfigurationIsVisible = 0;
			defaultConfigurationName = Deployment;
		};
/* End XCConfigurationList section */
	};
	rootObject = 29B97313FDCFA39411CA2CEA /* Project object */;
}
