// !$*UTF8*$!
{
	archiveVersion = 1;
	classes = {
	};
	objectVersion = 46;
	objects = {

/* Begin PBXBuildFile section */
		222FE3330EBB6D9900FD13FC /* AppController.h in Headers */ = {isa = PBXBuildFile; fileRef = F591DD850310A6BE01FEEC38 /* AppController.h */; };
		222FE3340EBB6D9900FD13FC /* AudioDevice.h in Headers */ = {isa = PBXBuildFile; fileRef = F591DDB2031157A901FEEC38 /* AudioDevice.h */; };
		222FE3350EBB6D9900FD13FC /* AudioThruEngine.h in Headers */ = {isa = PBXBuildFile; fileRef = F591DDB60311589801FEEC38 /* AudioThruEngine.h */; };
		222FE3360EBB6D9900FD13FC /* AudioDeviceList.h in Headers */ = {isa = PBXBuildFile; fileRef = F573070B03117CCD01FEEC38 /* AudioDeviceList.h */; };
		222FE33A0EBB6D9900FD13FC /* MainMenu.nib in Resources */ = {isa = PBXBuildFile; fileRef = 29B97318FDCFA39411CA2CEA /* MainMenu.nib */; };
		222FE33F0EBB6D9900FD13FC /* appIcon.icns in Resources */ = {isa = PBXBuildFile; fileRef = C9CFAC1E06EFA390001BE11F /* appIcon.icns */; };
		222FE3410EBB6D9900FD13FC /* main.m in Sources */ = {isa = PBXBuildFile; fileRef = 29B97316FDCFA39411CA2CEA /* main.m */; settings = {ATTRIBUTES = (); }; };
		222FE3420EBB6D9900FD13FC /* AppController.mm in Sources */ = {isa = PBXBuildFile; fileRef = F591DD860310A6BE01FEEC38 /* AppController.mm */; };
		222FE3440EBB6D9900FD13FC /* AudioDevice.cpp in Sources */ = {isa = PBXBuildFile; fileRef = F591DDB3031157A901FEEC38 /* AudioDevice.cpp */; };
		222FE3450EBB6D9900FD13FC /* AudioThruEngine.cpp in Sources */ = {isa = PBXBuildFile; fileRef = F591DDB70311589801FEEC38 /* AudioThruEngine.cpp */; };
		222FE3460EBB6D9900FD13FC /* AudioDeviceList.cpp in Sources */ = {isa = PBXBuildFile; fileRef = F573070C03117CCD01FEEC38 /* AudioDeviceList.cpp */; };
		222FE3490EBB6D9900FD13FC /* Cocoa.framework in Frameworks */ = {isa = PBXBuildFile; fileRef = 1058C7A1FEA54F0111CA2CBB /* Cocoa.framework */; };
		222FE34A0EBB6D9900FD13FC /* CoreAudio.framework in Frameworks */ = {isa = PBXBuildFile; fileRef = F591DD8D0310AAC801FEEC38 /* CoreAudio.framework */; };
		222FE34B0EBB6D9900FD13FC /* IOKit.framework in Frameworks */ = {isa = PBXBuildFile; fileRef = C9E9CD2F08E78DA30024DA5B /* IOKit.framework */; };
		3E2AECAE15FA7F2C00FBCCA2 /* README.markdown in Resources */ = {isa = PBXBuildFile; fileRef = 3E2AECA915FA7F2C00FBCCA2 /* README.markdown */; };
		3E2AECAF15FA7F2C00FBCCA2 /* TPCircularBuffer+AudioBufferList.c in Sources */ = {isa = PBXBuildFile; fileRef = 3E2AECAA15FA7F2C00FBCCA2 /* TPCircularBuffer+AudioBufferList.c */; };
		3E2AECB015FA7F2C00FBCCA2 /* TPCircularBuffer+AudioBufferList.h in Headers */ = {isa = PBXBuildFile; fileRef = 3E2AECAB15FA7F2C00FBCCA2 /* TPCircularBuffer+AudioBufferList.h */; };
		3E2AECB115FA7F2C00FBCCA2 /* TPCircularBuffer.c in Sources */ = {isa = PBXBuildFile; fileRef = 3E2AECAC15FA7F2C00FBCCA2 /* TPCircularBuffer.c */; };
		3E2AECB215FA7F2C00FBCCA2 /* TPCircularBuffer.h in Headers */ = {isa = PBXBuildFile; fileRef = 3E2AECAD15FA7F2C00FBCCA2 /* TPCircularBuffer.h */; };
		3E48E0E415F40FFD00A49308 /* AudioToolbox.framework in Frameworks */ = {isa = PBXBuildFile; fileRef = 3E48E0E315F40FFD00A49308 /* AudioToolbox.framework */; };
		3E63F79C15E91805005221AF /* record.sh in Resources */ = {isa = PBXBuildFile; fileRef = 3E63F79A15E91805005221AF /* record.sh */; };
		3E63F79D15E91805005221AF /* kill_recorders.sh in Resources */ = {isa = PBXBuildFile; fileRef = 3E63F79B15E91805005221AF /* kill_recorders.sh */; };
		3E63F79E15E9181D005221AF /* kill_recorders.sh in CopyFiles */ = {isa = PBXBuildFile; fileRef = 3E63F79B15E91805005221AF /* kill_recorders.sh */; };
		3E63F79F15E91821005221AF /* record.sh in CopyFiles */ = {isa = PBXBuildFile; fileRef = 3E63F79A15E91805005221AF /* record.sh */; };
		3E6C579415F3A51A00AFB422 /* Quartz.framework in Frameworks */ = {isa = PBXBuildFile; fileRef = 3E6C579315F3A51A00AFB422 /* Quartz.framework */; };
		3E82F12515E15B6900F16BCB /* sox in CopyFiles */ = {isa = PBXBuildFile; fileRef = 3E82F12415E15B6900F16BCB /* sox */; };
		3E8AAF7D15DFAA420096D8D5 /* menuIcon.tiff in Resources */ = {isa = PBXBuildFile; fileRef = 3E8AAF7C15DFAA420096D8D5 /* menuIcon.tiff */; };
		3E97DF5B15F36A41006B2E7A /* menuIconInverse.tiff in Resources */ = {isa = PBXBuildFile; fileRef = 3E97DF5A15F36A41006B2E7A /* menuIconInverse.tiff */; };
		3E97DF6015F378E8006B2E7A /* menuIconRecording.tiff in Resources */ = {isa = PBXBuildFile; fileRef = 3E97DF5F15F378E8006B2E7A /* menuIconRecording.tiff */; };
		3EB6916F15E8E83A00F632B8 /* Carbon.framework in Frameworks */ = {isa = PBXBuildFile; fileRef = 3EB6916E15E8E83A00F632B8 /* Carbon.framework */; };
/* End PBXBuildFile section */

/* Begin PBXCopyFilesBuildPhase section */
		3E82F12215E15AC900F16BCB /* CopyFiles */ = {
			isa = PBXCopyFilesBuildPhase;
			buildActionMask = 2147483647;
			dstPath = "";
			dstSubfolderSpec = 12;
			files = (
				3E82F12515E15B6900F16BCB /* sox in CopyFiles */,
				3E63F79F15E91821005221AF /* record.sh in CopyFiles */,
				3E63F79E15E9181D005221AF /* kill_recorders.sh in CopyFiles */,
			);
			runOnlyForDeploymentPostprocessing = 0;
		};
/* End PBXCopyFilesBuildPhase section */

/* Begin PBXFileReference section */
		1058C7A1FEA54F0111CA2CBB /* Cocoa.framework */ = {isa = PBXFileReference; lastKnownFileType = wrapper.framework; name = Cocoa.framework; path = /System/Library/Frameworks/Cocoa.framework; sourceTree = "<absolute>"; };
		222FE3510EBB6D9900FD13FC /* WavTap.app */ = {isa = PBXFileReference; explicitFileType = wrapper.application; includeInIndex = 0; path = WavTap.app; sourceTree = BUILT_PRODUCTS_DIR; };
		229B366F0EDC1DB500623222 /* Info.plist */ = {isa = PBXFileReference; fileEncoding = 4; lastKnownFileType = text.plist.xml; path = Info.plist; sourceTree = "<group>"; };
		29B97316FDCFA39411CA2CEA /* main.m */ = {isa = PBXFileReference; fileEncoding = 30; lastKnownFileType = sourcecode.c.objc; path = main.m; sourceTree = "<group>"; };
		29B97319FDCFA39411CA2CEA /* English */ = {isa = PBXFileReference; lastKnownFileType = wrapper.nib; name = English; path = English.lproj/MainMenu.nib; sourceTree = "<group>"; };
		29B97324FDCFA39411CA2CEA /* AppKit.framework */ = {isa = PBXFileReference; lastKnownFileType = wrapper.framework; name = AppKit.framework; path = /System/Library/Frameworks/AppKit.framework; sourceTree = "<absolute>"; };
		29B97325FDCFA39411CA2CEA /* Foundation.framework */ = {isa = PBXFileReference; lastKnownFileType = wrapper.framework; name = Foundation.framework; path = /System/Library/Frameworks/Foundation.framework; sourceTree = "<absolute>"; };
		3E2AECA915FA7F2C00FBCCA2 /* README.markdown */ = {isa = PBXFileReference; fileEncoding = 4; lastKnownFileType = text; path = README.markdown; sourceTree = "<group>"; };
		3E2AECAA15FA7F2C00FBCCA2 /* TPCircularBuffer+AudioBufferList.c */ = {isa = PBXFileReference; fileEncoding = 4; lastKnownFileType = sourcecode.c.c; path = "TPCircularBuffer+AudioBufferList.c"; sourceTree = "<group>"; };
		3E2AECAB15FA7F2C00FBCCA2 /* TPCircularBuffer+AudioBufferList.h */ = {isa = PBXFileReference; fileEncoding = 4; lastKnownFileType = sourcecode.c.h; path = "TPCircularBuffer+AudioBufferList.h"; sourceTree = "<group>"; };
		3E2AECAC15FA7F2C00FBCCA2 /* TPCircularBuffer.c */ = {isa = PBXFileReference; fileEncoding = 4; lastKnownFileType = sourcecode.c.c; path = TPCircularBuffer.c; sourceTree = "<group>"; };
		3E2AECAD15FA7F2C00FBCCA2 /* TPCircularBuffer.h */ = {isa = PBXFileReference; fileEncoding = 4; lastKnownFileType = sourcecode.c.h; path = TPCircularBuffer.h; sourceTree = "<group>"; };
		3E48E0E315F40FFD00A49308 /* AudioToolbox.framework */ = {isa = PBXFileReference; lastKnownFileType = wrapper.framework; name = AudioToolbox.framework; path = Platforms/MacOSX.platform/Developer/SDKs/MacOSX10.8.sdk/System/Library/Frameworks/AudioToolbox.framework; sourceTree = DEVELOPER_DIR; };
		3E63F79A15E91805005221AF /* record.sh */ = {isa = PBXFileReference; fileEncoding = 4; lastKnownFileType = text; path = record.sh; sourceTree = "<group>"; };
		3E63F79B15E91805005221AF /* kill_recorders.sh */ = {isa = PBXFileReference; fileEncoding = 4; lastKnownFileType = text; path = kill_recorders.sh; sourceTree = "<group>"; };
		3E6C579315F3A51A00AFB422 /* Quartz.framework */ = {isa = PBXFileReference; lastKnownFileType = wrapper.framework; name = Quartz.framework; path = Platforms/MacOSX.platform/Developer/SDKs/MacOSX10.8.sdk/System/Library/Frameworks/Quartz.framework; sourceTree = DEVELOPER_DIR; };
		3E82F12415E15B6900F16BCB /* sox */ = {isa = PBXFileReference; lastKnownFileType = "compiled.mach-o.executable"; path = sox; sourceTree = "<group>"; };
		3E8AAF7C15DFAA420096D8D5 /* menuIcon.tiff */ = {isa = PBXFileReference; lastKnownFileType = image.tiff; path = menuIcon.tiff; sourceTree = "<group>"; };
		3E97DF5A15F36A41006B2E7A /* menuIconInverse.tiff */ = {isa = PBXFileReference; lastKnownFileType = image.tiff; path = menuIconInverse.tiff; sourceTree = "<group>"; };
		3E97DF5F15F378E8006B2E7A /* menuIconRecording.tiff */ = {isa = PBXFileReference; lastKnownFileType = image.tiff; path = menuIconRecording.tiff; sourceTree = "<group>"; };
		3EB6916E15E8E83A00F632B8 /* Carbon.framework */ = {isa = PBXFileReference; lastKnownFileType = wrapper.framework; name = Carbon.framework; path = Platforms/MacOSX.platform/Developer/SDKs/MacOSX10.7.sdk/System/Library/Frameworks/Carbon.framework; sourceTree = DEVELOPER_DIR; };
		C9CFAC1E06EFA390001BE11F /* appIcon.icns */ = {isa = PBXFileReference; lastKnownFileType = image.icns; path = appIcon.icns; sourceTree = "<group>"; };
		C9E9CD2F08E78DA30024DA5B /* IOKit.framework */ = {isa = PBXFileReference; lastKnownFileType = wrapper.framework; name = IOKit.framework; path = /System/Library/Frameworks/IOKit.framework; sourceTree = "<absolute>"; };
		F573070B03117CCD01FEEC38 /* AudioDeviceList.h */ = {isa = PBXFileReference; fileEncoding = 30; lastKnownFileType = sourcecode.c.h; path = AudioDeviceList.h; sourceTree = "<group>"; };
		F573070C03117CCD01FEEC38 /* AudioDeviceList.cpp */ = {isa = PBXFileReference; fileEncoding = 30; lastKnownFileType = sourcecode.cpp.cpp; path = AudioDeviceList.cpp; sourceTree = "<group>"; };
		F591DD850310A6BE01FEEC38 /* AppController.h */ = {isa = PBXFileReference; fileEncoding = 30; lastKnownFileType = sourcecode.c.h; lineEnding = 0; path = AppController.h; sourceTree = "<group>"; xcLanguageSpecificationIdentifier = xcode.lang.objcpp; };
		F591DD860310A6BE01FEEC38 /* AppController.mm */ = {isa = PBXFileReference; fileEncoding = 4; lastKnownFileType = sourcecode.cpp.objcpp; lineEnding = 0; path = AppController.mm; sourceTree = "<group>"; xcLanguageSpecificationIdentifier = xcode.lang.objcpp; };
		F591DD8D0310AAC801FEEC38 /* CoreAudio.framework */ = {isa = PBXFileReference; lastKnownFileType = wrapper.framework; name = CoreAudio.framework; path = /System/Library/Frameworks/CoreAudio.framework; sourceTree = "<absolute>"; };
		F591DDB2031157A901FEEC38 /* AudioDevice.h */ = {isa = PBXFileReference; fileEncoding = 30; lastKnownFileType = sourcecode.c.h; path = AudioDevice.h; sourceTree = "<group>"; };
		F591DDB3031157A901FEEC38 /* AudioDevice.cpp */ = {isa = PBXFileReference; fileEncoding = 30; lastKnownFileType = sourcecode.cpp.cpp; path = AudioDevice.cpp; sourceTree = "<group>"; };
		F591DDB60311589801FEEC38 /* AudioThruEngine.h */ = {isa = PBXFileReference; fileEncoding = 30; lastKnownFileType = sourcecode.c.h; path = AudioThruEngine.h; sourceTree = "<group>"; };
		F591DDB70311589801FEEC38 /* AudioThruEngine.cpp */ = {isa = PBXFileReference; fileEncoding = 4; lastKnownFileType = sourcecode.cpp.cpp; lineEnding = 0; path = AudioThruEngine.cpp; sourceTree = "<group>"; xcLanguageSpecificationIdentifier = xcode.lang.cpp; };
/* End PBXFileReference section */

/* Begin PBXFrameworksBuildPhase section */
		222FE3480EBB6D9900FD13FC /* Frameworks */ = {
			isa = PBXFrameworksBuildPhase;
			buildActionMask = 2147483647;
			files = (
				3E48E0E415F40FFD00A49308 /* AudioToolbox.framework in Frameworks */,
				3E6C579415F3A51A00AFB422 /* Quartz.framework in Frameworks */,
				3EB6916F15E8E83A00F632B8 /* Carbon.framework in Frameworks */,
				222FE3490EBB6D9900FD13FC /* Cocoa.framework in Frameworks */,
				222FE34A0EBB6D9900FD13FC /* CoreAudio.framework in Frameworks */,
				222FE34B0EBB6D9900FD13FC /* IOKit.framework in Frameworks */,
			);
			runOnlyForDeploymentPostprocessing = 0;
		};
/* End PBXFrameworksBuildPhase section */

/* Begin PBXGroup section */
		080E96DDFE201D6D7F000001 /* Classes */ = {
			isa = PBXGroup;
			children = (
				F591DD850310A6BE01FEEC38 /* AppController.h */,
				F591DD860310A6BE01FEEC38 /* AppController.mm */,
				F591DDB2031157A901FEEC38 /* AudioDevice.h */,
				F591DDB3031157A901FEEC38 /* AudioDevice.cpp */,
				F591DDB60311589801FEEC38 /* AudioThruEngine.h */,
				F591DDB70311589801FEEC38 /* AudioThruEngine.cpp */,
				F573070B03117CCD01FEEC38 /* AudioDeviceList.h */,
				F573070C03117CCD01FEEC38 /* AudioDeviceList.cpp */,
			);
			name = Classes;
			sourceTree = "<group>";
		};
		1058C7A0FEA54F0111CA2CBB /* Linked Frameworks */ = {
			isa = PBXGroup;
			children = (
				1058C7A1FEA54F0111CA2CBB /* Cocoa.framework */,
				F591DD8D0310AAC801FEEC38 /* CoreAudio.framework */,
			);
			name = "Linked Frameworks";
			sourceTree = "<group>";
		};
		1058C7A2FEA54F0111CA2CBB /* Other Frameworks */ = {
			isa = PBXGroup;
			children = (
				C9E9CD2F08E78DA30024DA5B /* IOKit.framework */,
				29B97325FDCFA39411CA2CEA /* Foundation.framework */,
				29B97324FDCFA39411CA2CEA /* AppKit.framework */,
			);
			name = "Other Frameworks";
			sourceTree = "<group>";
		};
		19C28FACFE9D520D11CA2CBB /* Products */ = {
			isa = PBXGroup;
			children = (
				222FE3510EBB6D9900FD13FC /* WavTap.app */,
			);
			name = Products;
			sourceTree = "<group>";
		};
		29B97314FDCFA39411CA2CEA /* AudioThru */ = {
			isa = PBXGroup;
			children = (
				3E2AECA515FA7F2C00FBCCA2 /* Pods */,
				3E48E0E315F40FFD00A49308 /* AudioToolbox.framework */,
				3E6C579315F3A51A00AFB422 /* Quartz.framework */,
				3E63F79A15E91805005221AF /* record.sh */,
				3E63F79B15E91805005221AF /* kill_recorders.sh */,
				3EB6916E15E8E83A00F632B8 /* Carbon.framework */,
				3E82F12415E15B6900F16BCB /* sox */,
				080E96DDFE201D6D7F000001 /* Classes */,
				29B97315FDCFA39411CA2CEA /* Other Sources */,
				29B97317FDCFA39411CA2CEA /* Resources */,
				29B97323FDCFA39411CA2CEA /* Frameworks */,
				19C28FACFE9D520D11CA2CBB /* Products */,
			);
			indentWidth = 2;
			name = AudioThru;
			sourceTree = "<group>";
			tabWidth = 2;
		};
		29B97315FDCFA39411CA2CEA /* Other Sources */ = {
			isa = PBXGroup;
			children = (
				29B97316FDCFA39411CA2CEA /* main.m */,
			);
			name = "Other Sources";
			sourceTree = "<group>";
		};
		29B97317FDCFA39411CA2CEA /* Resources */ = {
			isa = PBXGroup;
			children = (
				3E8AAF7C15DFAA420096D8D5 /* menuIcon.tiff */,
				3E97DF5A15F36A41006B2E7A /* menuIconInverse.tiff */,
				3E97DF5F15F378E8006B2E7A /* menuIconRecording.tiff */,
				C9CFAC1E06EFA390001BE11F /* appIcon.icns */,
				29B97318FDCFA39411CA2CEA /* MainMenu.nib */,
				229B366F0EDC1DB500623222 /* Info.plist */,
			);
			name = Resources;
			sourceTree = "<group>";
		};
		29B97323FDCFA39411CA2CEA /* Frameworks */ = {
			isa = PBXGroup;
			children = (
				1058C7A0FEA54F0111CA2CBB /* Linked Frameworks */,
				1058C7A2FEA54F0111CA2CBB /* Other Frameworks */,
			);
			name = Frameworks;
			sourceTree = "<group>";
		};
		3E2AECA515FA7F2C00FBCCA2 /* Pods */ = {
			isa = PBXGroup;
			children = (
				3E2AECA615FA7F2C00FBCCA2 /* Documentation */,
				3E2AECA815FA7F2C00FBCCA2 /* TPCircularBuffer */,
			);
			name = Pods;
			path = ../Pods;
			sourceTree = "<group>";
		};
		3E2AECA615FA7F2C00FBCCA2 /* Documentation */ = {
			isa = PBXGroup;
			children = (
				3E2AECA715FA7F2C00FBCCA2 /* TPCircularBuffer */,
			);
			path = Documentation;
			sourceTree = "<group>";
		};
		3E2AECA715FA7F2C00FBCCA2 /* TPCircularBuffer */ = {
			isa = PBXGroup;
			children = (
			);
			path = TPCircularBuffer;
			sourceTree = "<group>";
		};
		3E2AECA815FA7F2C00FBCCA2 /* TPCircularBuffer */ = {
			isa = PBXGroup;
			children = (
				3E2AECA915FA7F2C00FBCCA2 /* README.markdown */,
				3E2AECAA15FA7F2C00FBCCA2 /* TPCircularBuffer+AudioBufferList.c */,
				3E2AECAB15FA7F2C00FBCCA2 /* TPCircularBuffer+AudioBufferList.h */,
				3E2AECAC15FA7F2C00FBCCA2 /* TPCircularBuffer.c */,
				3E2AECAD15FA7F2C00FBCCA2 /* TPCircularBuffer.h */,
			);
			path = TPCircularBuffer;
			sourceTree = "<group>";
		};
/* End PBXGroup section */

/* Begin PBXHeadersBuildPhase section */
		222FE3320EBB6D9900FD13FC /* Headers */ = {
			isa = PBXHeadersBuildPhase;
			buildActionMask = 2147483647;
			files = (
				222FE3330EBB6D9900FD13FC /* AppController.h in Headers */,
				222FE3340EBB6D9900FD13FC /* AudioDevice.h in Headers */,
				222FE3350EBB6D9900FD13FC /* AudioThruEngine.h in Headers */,
				222FE3360EBB6D9900FD13FC /* AudioDeviceList.h in Headers */,
				3E2AECB015FA7F2C00FBCCA2 /* TPCircularBuffer+AudioBufferList.h in Headers */,
				3E2AECB215FA7F2C00FBCCA2 /* TPCircularBuffer.h in Headers */,
			);
			runOnlyForDeploymentPostprocessing = 0;
		};
/* End PBXHeadersBuildPhase section */

/* Begin PBXNativeTarget section */
		222FE3310EBB6D9900FD13FC /* WavTap */ = {
			isa = PBXNativeTarget;
			buildConfigurationList = 222FE34C0EBB6D9900FD13FC /* Build configuration list for PBXNativeTarget "WavTap" */;
			buildPhases = (
				222FE3320EBB6D9900FD13FC /* Headers */,
				222FE3390EBB6D9900FD13FC /* Resources */,
				222FE3400EBB6D9900FD13FC /* Sources */,
				222FE3480EBB6D9900FD13FC /* Frameworks */,
				3E82F12215E15AC900F16BCB /* CopyFiles */,
			);
			buildRules = (
			);
			dependencies = (
			);
			name = WavTap;
			productInstallPath = "$(HOME)/Applications";
			productName = AudioThru;
			productReference = 222FE3510EBB6D9900FD13FC /* WavTap.app */;
			productType = "com.apple.product-type.application";
		};
/* End PBXNativeTarget section */

/* Begin PBXProject section */
		29B97313FDCFA39411CA2CEA /* Project object */ = {
			isa = PBXProject;
			attributes = {
				LastUpgradeCheck = 0440;
			};
			buildConfigurationList = 222FE2FF0EBB5DD500FD13FC /* Build configuration list for PBXProject "WavTap" */;
			compatibilityVersion = "Xcode 3.2";
			developmentRegion = English;
			hasScannedForEncodings = 1;
			knownRegions = (
				en,
			);
			mainGroup = 29B97314FDCFA39411CA2CEA /* AudioThru */;
			projectDirPath = "";
			projectRoot = "";
			targets = (
				222FE3310EBB6D9900FD13FC /* WavTap */,
			);
		};
/* End PBXProject section */

/* Begin PBXResourcesBuildPhase section */
		222FE3390EBB6D9900FD13FC /* Resources */ = {
			isa = PBXResourcesBuildPhase;
			buildActionMask = 2147483647;
			files = (
				222FE33A0EBB6D9900FD13FC /* MainMenu.nib in Resources */,
				222FE33F0EBB6D9900FD13FC /* appIcon.icns in Resources */,
				3E8AAF7D15DFAA420096D8D5 /* menuIcon.tiff in Resources */,
				3E63F79C15E91805005221AF /* record.sh in Resources */,
				3E63F79D15E91805005221AF /* kill_recorders.sh in Resources */,
				3E97DF5B15F36A41006B2E7A /* menuIconInverse.tiff in Resources */,
				3E97DF6015F378E8006B2E7A /* menuIconRecording.tiff in Resources */,
				3E2AECAE15FA7F2C00FBCCA2 /* README.markdown in Resources */,
			);
			runOnlyForDeploymentPostprocessing = 0;
		};
/* End PBXResourcesBuildPhase section */

/* Begin PBXSourcesBuildPhase section */
		222FE3400EBB6D9900FD13FC /* Sources */ = {
			isa = PBXSourcesBuildPhase;
			buildActionMask = 2147483647;
			files = (
				222FE3410EBB6D9900FD13FC /* main.m in Sources */,
				222FE3420EBB6D9900FD13FC /* AppController.mm in Sources */,
				222FE3440EBB6D9900FD13FC /* AudioDevice.cpp in Sources */,
				222FE3450EBB6D9900FD13FC /* AudioThruEngine.cpp in Sources */,
				222FE3460EBB6D9900FD13FC /* AudioDeviceList.cpp in Sources */,
				3E2AECAF15FA7F2C00FBCCA2 /* TPCircularBuffer+AudioBufferList.c in Sources */,
				3E2AECB115FA7F2C00FBCCA2 /* TPCircularBuffer.c in Sources */,
			);
			runOnlyForDeploymentPostprocessing = 0;
		};
/* End PBXSourcesBuildPhase section */

/* Begin PBXVariantGroup section */
		29B97318FDCFA39411CA2CEA /* MainMenu.nib */ = {
			isa = PBXVariantGroup;
			children = (
				29B97319FDCFA39411CA2CEA /* English */,
			);
			name = MainMenu.nib;
			sourceTree = "<group>";
		};
/* End PBXVariantGroup section */

/* Begin XCBuildConfiguration section */
		222FE2F90EBB5DD500FD13FC /* Development */ = {
			isa = XCBuildConfiguration;
			buildSettings = {
				MACOSX_DEPLOYMENT_TARGET = 10.6;
				PRODUCT_NAME = WavTap;
			};
			name = Development;
		};
		222FE2FA0EBB5DD500FD13FC /* Deployment */ = {
			isa = XCBuildConfiguration;
			buildSettings = {
				MACOSX_DEPLOYMENT_TARGET = 10.6;
				PRODUCT_NAME = WavTap;
			};
			name = Deployment;
		};
		222FE34D0EBB6D9900FD13FC /* Development */ = {
			isa = XCBuildConfiguration;
			buildSettings = {
				ARCHS = "$(ARCHS_STANDARD_64_BIT)";
				CLANG_ENABLE_OBJC_ARC = YES;
				COMBINE_HIDPI_IMAGES = YES;
				COPY_PHASE_STRIP = NO;
				DEPLOYMENT_LOCATION = YES;
				DSTROOT = /;
				GCC_DYNAMIC_NO_PIC = NO;
				GCC_GENERATE_DEBUGGING_SYMBOLS = YES;
				GCC_OPTIMIZATION_LEVEL = 0;
				GCC_SYMBOLS_PRIVATE_EXTERN = NO;
				GCC_VERSION = "";
				INFOPLIST_FILE = Info.plist;
				INSTALL_PATH = /Applications/WavTap;
				MACOSX_DEPLOYMENT_TARGET = 10.6;
				PRODUCT_NAME = WavTap;
				SDKROOT = macosx;
				SECTORDER_FLAGS = "";
				SKIP_INSTALL = YES;
				WARNING_CFLAGS = (
					"-Wmost",
					"-Wno-four-char-constants",
					"-Wno-unknown-pragmas",
				);
			};
			name = Development;
		};
		222FE34E0EBB6D9900FD13FC /* Deployment */ = {
			isa = XCBuildConfiguration;
			buildSettings = {
				ARCHS = "$(ARCHS_STANDARD_64_BIT)";
				CLANG_ENABLE_OBJC_ARC = YES;
				COMBINE_HIDPI_IMAGES = YES;
				COPY_PHASE_STRIP = YES;
				DEPLOYMENT_LOCATION = YES;
				DSTROOT = /;
				GCC_SYMBOLS_PRIVATE_EXTERN = NO;
				GCC_VERSION = "";
				INFOPLIST_FILE = Info.plist;
				INSTALL_PATH = /Applications/WavTap;
				MACOSX_DEPLOYMENT_TARGET = 10.6;
				PRODUCT_NAME = WavTap;
				SDKROOT = macosx;
				SECTORDER_FLAGS = "";
				SKIP_INSTALL = YES;
				WARNING_CFLAGS = (
					"-Wmost",
					"-Wno-four-char-constants",
					"-Wno-unknown-pragmas",
				);
			};
			name = Deployment;
		};
/* End XCBuildConfiguration section */

/* Begin XCConfigurationList section */
		222FE2FF0EBB5DD500FD13FC /* Build configuration list for PBXProject "WavTap" */ = {
			isa = XCConfigurationList;
			buildConfigurations = (
				222FE2F90EBB5DD500FD13FC /* Development */,
				222FE2FA0EBB5DD500FD13FC /* Deployment */,
			);
			defaultConfigurationIsVisible = 0;
			defaultConfigurationName = Development;
		};
		222FE34C0EBB6D9900FD13FC /* Build configuration list for PBXNativeTarget "WavTap" */ = {
			isa = XCConfigurationList;
			buildConfigurations = (
				222FE34D0EBB6D9900FD13FC /* Development */,
				222FE34E0EBB6D9900FD13FC /* Deployment */,
			);
			defaultConfigurationIsVisible = 0;
			defaultConfigurationName = Development;
		};
/* End XCConfigurationList section */
	};
	rootObject = 29B97313FDCFA39411CA2CEA /* Project object */;
}
