// !$*UTF8*$!
{
	archiveVersion = 1;
	classes = {
	};
	objectVersion = 46;
	objects = {

/* Begin PBXBuildFile section */
		222FE3330EBB6D9900FD13FC /* AppController.h in Headers */ = {isa = PBXBuildFile; fileRef = F591DD850310A6BE01FEEC38 /* AppController.h */; };
		222FE3340EBB6D9900FD13FC /* AudioDevice.h in Headers */ = {isa = PBXBuildFile; fileRef = F591DDB2031157A901FEEC38 /* AudioDevice.h */; };
		222FE3350EBB6D9900FD13FC /* AudioThruEngine.h in Headers */ = {isa = PBXBuildFile; fileRef = F591DDB60311589801FEEC38 /* AudioThruEngine.h */; };
		222FE3360EBB6D9900FD13FC /* AudioDeviceList.h in Headers */ = {isa = PBXBuildFile; fileRef = F573070B03117CCD01FEEC38 /* AudioDeviceList.h */; };
		222FE3370EBB6D9900FD13FC /* AudioRingBuffer.h in Headers */ = {isa = PBXBuildFile; fileRef = F591DDAD0310C0D001FEEC38 /* AudioRingBuffer.h */; };
		222FE3380EBB6D9900FD13FC /* HelpWindowController.h in Headers */ = {isa = PBXBuildFile; fileRef = F57307580312E91E01FEEC38 /* HelpWindowController.h */; };
		222FE33A0EBB6D9900FD13FC /* MainMenu.nib in Resources */ = {isa = PBXBuildFile; fileRef = 29B97318FDCFA39411CA2CEA /* MainMenu.nib */; };
		222FE33B0EBB6D9900FD13FC /* InfoPlist.strings in Resources */ = {isa = PBXBuildFile; fileRef = 089C165CFE840E0CC02AAC07 /* InfoPlist.strings */; };
		222FE33C0EBB6D9900FD13FC /* sf16.tiff in Resources */ = {isa = PBXBuildFile; fileRef = C9CCA5E606ED143E0076FAC2 /* sf16.tiff */; };
		222FE33D0EBB6D9900FD13FC /* sf2.tiff in Resources */ = {isa = PBXBuildFile; fileRef = C9CCA5E706ED143E0076FAC2 /* sf2.tiff */; };
		222FE33E0EBB6D9900FD13FC /* menuIcon.tiff in Resources */ = {isa = PBXBuildFile; fileRef = C9CCA5E806ED143E0076FAC2 /* menuIcon.tiff */; };
		222FE33F0EBB6D9900FD13FC /* appIcon.icns in Resources */ = {isa = PBXBuildFile; fileRef = C9CFAC1E06EFA390001BE11F /* appIcon.icns */; };
		222FE3410EBB6D9900FD13FC /* main.m in Sources */ = {isa = PBXBuildFile; fileRef = 29B97316FDCFA39411CA2CEA /* main.m */; settings = {ATTRIBUTES = (); }; };
		222FE3420EBB6D9900FD13FC /* AppController.mm in Sources */ = {isa = PBXBuildFile; fileRef = F591DD860310A6BE01FEEC38 /* AppController.mm */; };
		222FE3430EBB6D9900FD13FC /* AudioRingBuffer.cpp in Sources */ = {isa = PBXBuildFile; fileRef = F591DDAE0310C0D001FEEC38 /* AudioRingBuffer.cpp */; };
		222FE3440EBB6D9900FD13FC /* AudioDevice.cpp in Sources */ = {isa = PBXBuildFile; fileRef = F591DDB3031157A901FEEC38 /* AudioDevice.cpp */; };
		222FE3450EBB6D9900FD13FC /* AudioThruEngine.cpp in Sources */ = {isa = PBXBuildFile; fileRef = F591DDB70311589801FEEC38 /* AudioThruEngine.cpp */; };
		222FE3460EBB6D9900FD13FC /* AudioDeviceList.cpp in Sources */ = {isa = PBXBuildFile; fileRef = F573070C03117CCD01FEEC38 /* AudioDeviceList.cpp */; };
		222FE3470EBB6D9900FD13FC /* HelpWindowController.m in Sources */ = {isa = PBXBuildFile; fileRef = F57307570312E91E01FEEC38 /* HelpWindowController.m */; };
		222FE3490EBB6D9900FD13FC /* Cocoa.framework in Frameworks */ = {isa = PBXBuildFile; fileRef = 1058C7A1FEA54F0111CA2CBB /* Cocoa.framework */; };
		222FE34A0EBB6D9900FD13FC /* CoreAudio.framework in Frameworks */ = {isa = PBXBuildFile; fileRef = F591DD8D0310AAC801FEEC38 /* CoreAudio.framework */; };
		222FE34B0EBB6D9900FD13FC /* IOKit.framework in Frameworks */ = {isa = PBXBuildFile; fileRef = C9E9CD2F08E78DA30024DA5B /* IOKit.framework */; };
		22952B1F104EC967003AF61F /* Soundflower.xcconfig in Resources */ = {isa = PBXBuildFile; fileRef = 22952B1E104EC967003AF61F /* Soundflower.xcconfig */; };
/* End PBXBuildFile section */

/* Begin PBXFileReference section */
		089C165DFE840E0CC02AAC07 /* English */ = {isa = PBXFileReference; fileEncoding = 10; lastKnownFileType = text.plist.strings; name = English; path = English.lproj/InfoPlist.strings; sourceTree = "<group>"; };
		1058C7A1FEA54F0111CA2CBB /* Cocoa.framework */ = {isa = PBXFileReference; lastKnownFileType = wrapper.framework; name = Cocoa.framework; path = /System/Library/Frameworks/Cocoa.framework; sourceTree = "<absolute>"; };
		222FE3510EBB6D9900FD13FC /* Soundflowerbed.app */ = {isa = PBXFileReference; explicitFileType = wrapper.application; includeInIndex = 0; path = Soundflowerbed.app; sourceTree = BUILT_PRODUCTS_DIR; };
		22952B1E104EC967003AF61F /* Soundflower.xcconfig */ = {isa = PBXFileReference; fileEncoding = 4; lastKnownFileType = text.xcconfig; name = Soundflower.xcconfig; path = ../Source/Soundflower.xcconfig; sourceTree = SOURCE_ROOT; };
		229B366F0EDC1DB500623222 /* Info.plist */ = {isa = PBXFileReference; fileEncoding = 4; lastKnownFileType = text.plist.xml; path = Info.plist; sourceTree = "<group>"; };
		29B97316FDCFA39411CA2CEA /* main.m */ = {isa = PBXFileReference; fileEncoding = 30; lastKnownFileType = sourcecode.c.objc; path = main.m; sourceTree = "<group>"; };
		29B97319FDCFA39411CA2CEA /* English */ = {isa = PBXFileReference; lastKnownFileType = wrapper.nib; name = English; path = English.lproj/MainMenu.nib; sourceTree = "<group>"; };
		29B97324FDCFA39411CA2CEA /* AppKit.framework */ = {isa = PBXFileReference; lastKnownFileType = wrapper.framework; name = AppKit.framework; path = /System/Library/Frameworks/AppKit.framework; sourceTree = "<absolute>"; };
		29B97325FDCFA39411CA2CEA /* Foundation.framework */ = {isa = PBXFileReference; lastKnownFileType = wrapper.framework; name = Foundation.framework; path = /System/Library/Frameworks/Foundation.framework; sourceTree = "<absolute>"; };
		C9CCA5E606ED143E0076FAC2 /* sf16.tiff */ = {isa = PBXFileReference; lastKnownFileType = image.tiff; path = sf16.tiff; sourceTree = "<group>"; };
		C9CCA5E706ED143E0076FAC2 /* sf2.tiff */ = {isa = PBXFileReference; lastKnownFileType = image.tiff; path = sf2.tiff; sourceTree = "<group>"; };
		C9CCA5E806ED143E0076FAC2 /* menuIcon.tiff */ = {isa = PBXFileReference; lastKnownFileType = image.tiff; path = menuIcon.tiff; sourceTree = "<group>"; };
		C9CFAC1E06EFA390001BE11F /* appIcon.icns */ = {isa = PBXFileReference; lastKnownFileType = image.icns; path = appIcon.icns; sourceTree = "<group>"; };
		C9E9CD2F08E78DA30024DA5B /* IOKit.framework */ = {isa = PBXFileReference; lastKnownFileType = wrapper.framework; name = IOKit.framework; path = /System/Library/Frameworks/IOKit.framework; sourceTree = "<absolute>"; };
		F573070B03117CCD01FEEC38 /* AudioDeviceList.h */ = {isa = PBXFileReference; fileEncoding = 30; lastKnownFileType = sourcecode.c.h; path = AudioDeviceList.h; sourceTree = "<group>"; };
		F573070C03117CCD01FEEC38 /* AudioDeviceList.cpp */ = {isa = PBXFileReference; fileEncoding = 30; lastKnownFileType = sourcecode.cpp.cpp; path = AudioDeviceList.cpp; sourceTree = "<group>"; };
		F57307570312E91E01FEEC38 /* HelpWindowController.m */ = {isa = PBXFileReference; fileEncoding = 30; lastKnownFileType = sourcecode.c.objc; path = HelpWindowController.m; sourceTree = "<group>"; };
		F57307580312E91E01FEEC38 /* HelpWindowController.h */ = {isa = PBXFileReference; fileEncoding = 30; lastKnownFileType = sourcecode.c.h; path = HelpWindowController.h; sourceTree = "<group>"; };
		F591DD850310A6BE01FEEC38 /* AppController.h */ = {isa = PBXFileReference; fileEncoding = 30; lastKnownFileType = sourcecode.c.h; path = AppController.h; sourceTree = "<group>"; };
		F591DD860310A6BE01FEEC38 /* AppController.mm */ = {isa = PBXFileReference; fileEncoding = 30; lastKnownFileType = sourcecode.cpp.objcpp; path = AppController.mm; sourceTree = "<group>"; };
		F591DD8D0310AAC801FEEC38 /* CoreAudio.framework */ = {isa = PBXFileReference; lastKnownFileType = wrapper.framework; name = CoreAudio.framework; path = /System/Library/Frameworks/CoreAudio.framework; sourceTree = "<absolute>"; };
		F591DDAD0310C0D001FEEC38 /* AudioRingBuffer.h */ = {isa = PBXFileReference; fileEncoding = 30; lastKnownFileType = sourcecode.c.h; path = AudioRingBuffer.h; sourceTree = "<group>"; };
		F591DDAE0310C0D001FEEC38 /* AudioRingBuffer.cpp */ = {isa = PBXFileReference; fileEncoding = 30; lastKnownFileType = sourcecode.cpp.cpp; path = AudioRingBuffer.cpp; sourceTree = "<group>"; };
		F591DDB2031157A901FEEC38 /* AudioDevice.h */ = {isa = PBXFileReference; fileEncoding = 30; lastKnownFileType = sourcecode.c.h; path = AudioDevice.h; sourceTree = "<group>"; };
		F591DDB3031157A901FEEC38 /* AudioDevice.cpp */ = {isa = PBXFileReference; fileEncoding = 30; lastKnownFileType = sourcecode.cpp.cpp; path = AudioDevice.cpp; sourceTree = "<group>"; };
		F591DDB60311589801FEEC38 /* AudioThruEngine.h */ = {isa = PBXFileReference; fileEncoding = 30; lastKnownFileType = sourcecode.c.h; path = AudioThruEngine.h; sourceTree = "<group>"; };
		F591DDB70311589801FEEC38 /* AudioThruEngine.cpp */ = {isa = PBXFileReference; fileEncoding = 30; lastKnownFileType = sourcecode.cpp.cpp; path = AudioThruEngine.cpp; sourceTree = "<group>"; };
/* End PBXFileReference section */

/* Begin PBXFrameworksBuildPhase section */
		222FE3480EBB6D9900FD13FC /* Frameworks */ = {
			isa = PBXFrameworksBuildPhase;
			buildActionMask = 2147483647;
			files = (
				222FE3490EBB6D9900FD13FC /* Cocoa.framework in Frameworks */,
				222FE34A0EBB6D9900FD13FC /* CoreAudio.framework in Frameworks */,
				222FE34B0EBB6D9900FD13FC /* IOKit.framework in Frameworks */,
			);
			runOnlyForDeploymentPostprocessing = 0;
		};
/* End PBXFrameworksBuildPhase section */

/* Begin PBXGroup section */
		080E96DDFE201D6D7F000001 /* Classes */ = {
			isa = PBXGroup;
			children = (
				F591DD850310A6BE01FEEC38 /* AppController.h */,
				F591DD860310A6BE01FEEC38 /* AppController.mm */,
				F57307580312E91E01FEEC38 /* HelpWindowController.h */,
				F57307570312E91E01FEEC38 /* HelpWindowController.m */,
				F591DDAD0310C0D001FEEC38 /* AudioRingBuffer.h */,
				F591DDAE0310C0D001FEEC38 /* AudioRingBuffer.cpp */,
				F591DDB2031157A901FEEC38 /* AudioDevice.h */,
				F591DDB3031157A901FEEC38 /* AudioDevice.cpp */,
				F591DDB60311589801FEEC38 /* AudioThruEngine.h */,
				F591DDB70311589801FEEC38 /* AudioThruEngine.cpp */,
				F573070B03117CCD01FEEC38 /* AudioDeviceList.h */,
				F573070C03117CCD01FEEC38 /* AudioDeviceList.cpp */,
			);
			name = Classes;
			sourceTree = "<group>";
		};
		1058C7A0FEA54F0111CA2CBB /* Linked Frameworks */ = {
			isa = PBXGroup;
			children = (
				1058C7A1FEA54F0111CA2CBB /* Cocoa.framework */,
				F591DD8D0310AAC801FEEC38 /* CoreAudio.framework */,
			);
			name = "Linked Frameworks";
			sourceTree = "<group>";
		};
		1058C7A2FEA54F0111CA2CBB /* Other Frameworks */ = {
			isa = PBXGroup;
			children = (
				C9E9CD2F08E78DA30024DA5B /* IOKit.framework */,
				29B97325FDCFA39411CA2CEA /* Foundation.framework */,
				29B97324FDCFA39411CA2CEA /* AppKit.framework */,
			);
			name = "Other Frameworks";
			sourceTree = "<group>";
		};
		19C28FACFE9D520D11CA2CBB /* Products */ = {
			isa = PBXGroup;
			children = (
				222FE3510EBB6D9900FD13FC /* Soundflowerbed.app */,
			);
			name = Products;
			sourceTree = "<group>";
		};
		29B97314FDCFA39411CA2CEA /* AudioThru */ = {
			isa = PBXGroup;
			children = (
				22952B1E104EC967003AF61F /* Soundflower.xcconfig */,
				080E96DDFE201D6D7F000001 /* Classes */,
				29B97315FDCFA39411CA2CEA /* Other Sources */,
				29B97317FDCFA39411CA2CEA /* Resources */,
				29B97323FDCFA39411CA2CEA /* Frameworks */,
				19C28FACFE9D520D11CA2CBB /* Products */,
			);
			name = AudioThru;
			sourceTree = "<group>";
		};
		29B97315FDCFA39411CA2CEA /* Other Sources */ = {
			isa = PBXGroup;
			children = (
				29B97316FDCFA39411CA2CEA /* main.m */,
			);
			name = "Other Sources";
			sourceTree = "<group>";
		};
		29B97317FDCFA39411CA2CEA /* Resources */ = {
			isa = PBXGroup;
			children = (
				C9CFAC1E06EFA390001BE11F /* appIcon.icns */,
				C9CCA5E606ED143E0076FAC2 /* sf16.tiff */,
				C9CCA5E706ED143E0076FAC2 /* sf2.tiff */,
				C9CCA5E806ED143E0076FAC2 /* menuIcon.tiff */,
				29B97318FDCFA39411CA2CEA /* MainMenu.nib */,
				229B366F0EDC1DB500623222 /* Info.plist */,
				089C165CFE840E0CC02AAC07 /* InfoPlist.strings */,
			);
			name = Resources;
			sourceTree = "<group>";
		};
		29B97323FDCFA39411CA2CEA /* Frameworks */ = {
			isa = PBXGroup;
			children = (
				1058C7A0FEA54F0111CA2CBB /* Linked Frameworks */,
				1058C7A2FEA54F0111CA2CBB /* Other Frameworks */,
			);
			name = Frameworks;
			sourceTree = "<group>";
		};
/* End PBXGroup section */

/* Begin PBXHeadersBuildPhase section */
		222FE3320EBB6D9900FD13FC /* Headers */ = {
			isa = PBXHeadersBuildPhase;
			buildActionMask = 2147483647;
			files = (
				222FE3330EBB6D9900FD13FC /* AppController.h in Headers */,
				222FE3340EBB6D9900FD13FC /* AudioDevice.h in Headers */,
				222FE3350EBB6D9900FD13FC /* AudioThruEngine.h in Headers */,
				222FE3360EBB6D9900FD13FC /* AudioDeviceList.h in Headers */,
				222FE3370EBB6D9900FD13FC /* AudioRingBuffer.h in Headers */,
				222FE3380EBB6D9900FD13FC /* HelpWindowController.h in Headers */,
			);
			runOnlyForDeploymentPostprocessing = 0;
		};
/* End PBXHeadersBuildPhase section */

/* Begin PBXNativeTarget section */
		222FE3310EBB6D9900FD13FC /* Soundflowerbed */ = {
			isa = PBXNativeTarget;
			buildConfigurationList = 222FE34C0EBB6D9900FD13FC /* Build configuration list for PBXNativeTarget "Soundflowerbed" */;
			buildPhases = (
				222FE3320EBB6D9900FD13FC /* Headers */,
				222FE3390EBB6D9900FD13FC /* Resources */,
				222FE3400EBB6D9900FD13FC /* Sources */,
				222FE3480EBB6D9900FD13FC /* Frameworks */,
			);
			buildRules = (
			);
			dependencies = (
			);
			name = Soundflowerbed;
			productInstallPath = "$(HOME)/Applications";
			productName = AudioThru;
			productReference = 222FE3510EBB6D9900FD13FC /* Soundflowerbed.app */;
			productType = "com.apple.product-type.application";
		};
/* End PBXNativeTarget section */

/* Begin PBXProject section */
		29B97313FDCFA39411CA2CEA /* Project object */ = {
			isa = PBXProject;
			buildConfigurationList = 222FE2FF0EBB5DD500FD13FC /* Build configuration list for PBXProject "Soundflowerbed" */;
			compatibilityVersion = "Xcode 3.2";
			hasScannedForEncodings = 1;
			mainGroup = 29B97314FDCFA39411CA2CEA /* AudioThru */;
			projectDirPath = "";
			projectRoot = "";
			targets = (
				222FE3310EBB6D9900FD13FC /* Soundflowerbed */,
			);
		};
/* End PBXProject section */

/* Begin PBXResourcesBuildPhase section */
		222FE3390EBB6D9900FD13FC /* Resources */ = {
			isa = PBXResourcesBuildPhase;
			buildActionMask = 2147483647;
			files = (
				222FE33A0EBB6D9900FD13FC /* MainMenu.nib in Resources */,
				222FE33B0EBB6D9900FD13FC /* InfoPlist.strings in Resources */,
				222FE33C0EBB6D9900FD13FC /* sf16.tiff in Resources */,
				222FE33D0EBB6D9900FD13FC /* sf2.tiff in Resources */,
				222FE33E0EBB6D9900FD13FC /* menuIcon.tiff in Resources */,
				222FE33F0EBB6D9900FD13FC /* appIcon.icns in Resources */,
				22952B1F104EC967003AF61F /* Soundflower.xcconfig in Resources */,
			);
			runOnlyForDeploymentPostprocessing = 0;
		};
/* End PBXResourcesBuildPhase section */

/* Begin PBXSourcesBuildPhase section */
		222FE3400EBB6D9900FD13FC /* Sources */ = {
			isa = PBXSourcesBuildPhase;
			buildActionMask = 2147483647;
			files = (
				222FE3410EBB6D9900FD13FC /* main.m in Sources */,
				222FE3420EBB6D9900FD13FC /* AppController.mm in Sources */,
				222FE3430EBB6D9900FD13FC /* AudioRingBuffer.cpp in Sources */,
				222FE3440EBB6D9900FD13FC /* AudioDevice.cpp in Sources */,
				222FE3450EBB6D9900FD13FC /* AudioThruEngine.cpp in Sources */,
				222FE3460EBB6D9900FD13FC /* AudioDeviceList.cpp in Sources */,
				222FE3470EBB6D9900FD13FC /* HelpWindowController.m in Sources */,
			);
			runOnlyForDeploymentPostprocessing = 0;
		};
/* End PBXSourcesBuildPhase section */

/* Begin PBXVariantGroup section */
		089C165CFE840E0CC02AAC07 /* InfoPlist.strings */ = {
			isa = PBXVariantGroup;
			children = (
				089C165DFE840E0CC02AAC07 /* English */,
			);
			name = InfoPlist.strings;
			sourceTree = "<group>";
		};
		29B97318FDCFA39411CA2CEA /* MainMenu.nib */ = {
			isa = PBXVariantGroup;
			children = (
				29B97319FDCFA39411CA2CEA /* English */,
			);
			name = MainMenu.nib;
			sourceTree = "<group>";
		};
/* End PBXVariantGroup section */

/* Begin XCBuildConfiguration section */
		222FE2F90EBB5DD500FD13FC /* Development */ = {
			isa = XCBuildConfiguration;
			buildSettings = {
			};
			name = Development;
		};
		222FE2FA0EBB5DD500FD13FC /* Deployment */ = {
			isa = XCBuildConfiguration;
			buildSettings = {
				ARCHS = "$(ARCHS_STANDARD_32_BIT)";
			};
			name = Deployment;
		};
		222FE34D0EBB6D9900FD13FC /* Development */ = {
			isa = XCBuildConfiguration;
			baseConfigurationReference = 22952B1E104EC967003AF61F /* Soundflower.xcconfig */;
			buildSettings = {
				ARCHS = (
					x86_64,
					ppc,
					i386,
				);
				COPY_PHASE_STRIP = NO;
				GCC_DYNAMIC_NO_PIC = NO;
				GCC_ENABLE_FIX_AND_CONTINUE = YES;
				GCC_GENERATE_DEBUGGING_SYMBOLS = YES;
				GCC_OPTIMIZATION_LEVEL = 0;
				GCC_SYMBOLS_PRIVATE_EXTERN = NO;
				INFOPLIST_FILE = Info.plist;
				ONLY_ACTIVE_ARCH = YES;
				PRODUCT_NAME = Soundflowerbed;
				SECTORDER_FLAGS = "";
				WARNING_CFLAGS = (
					"-Wmost",
					"-Wno-four-char-constants",
					"-Wno-unknown-pragmas",
				);
			};
			name = Development;
		};
		222FE34E0EBB6D9900FD13FC /* Deployment */ = {
			isa = XCBuildConfiguration;
			baseConfigurationReference = 22952B1E104EC967003AF61F /* Soundflower.xcconfig */;
			buildSettings = {
				ARCHS = (
					x86_64,
					ppc,
					i386,
				);
				COPY_PHASE_STRIP = YES;
				GCC_ENABLE_FIX_AND_CONTINUE = NO;
				GCC_SYMBOLS_PRIVATE_EXTERN = NO;
				INFOPLIST_FILE = Info.plist;
				PRODUCT_NAME = Soundflowerbed;
				SECTORDER_FLAGS = "";
				WARNING_CFLAGS = (
					"-Wmost",
					"-Wno-four-char-constants",
					"-Wno-unknown-pragmas",
				);
			};
			name = Deployment;
		};
/* End XCBuildConfiguration section */

/* Begin XCConfigurationList section */
		222FE2FF0EBB5DD500FD13FC /* Build configuration list for PBXProject "Soundflowerbed" */ = {
			isa = XCConfigurationList;
			buildConfigurations = (
				222FE2F90EBB5DD500FD13FC /* Development */,
				222FE2FA0EBB5DD500FD13FC /* Deployment */,
			);
			defaultConfigurationIsVisible = 0;
			defaultConfigurationName = Development;
		};
		222FE34C0EBB6D9900FD13FC /* Build configuration list for PBXNativeTarget "Soundflowerbed" */ = {
			isa = XCConfigurationList;
			buildConfigurations = (
				222FE34D0EBB6D9900FD13FC /* Development */,
				222FE34E0EBB6D9900FD13FC /* Deployment */,
			);
			defaultConfigurationIsVisible = 0;
			defaultConfigurationName = Development;
		};
/* End XCConfigurationList section */
	};
	rootObject = 29B97313FDCFA39411CA2CEA /* Project object */;
}
